// !$*UTF8*$!
{
	archiveVersion = 1;
	classes = {
	};
	objectVersion = 46;
	objects = {

/* Begin PBXBuildFile section */
		0A0A66CC1888071A00A74AA4 /* KBAMessageController.m in Sources */ = {isa = PBXBuildFile; fileRef = 0A0A66CA1888071A00A74AA4 /* KBAMessageController.m */; };
		0A0A66CD1888071A00A74AA4 /* KBAMessageController.xib in Resources */ = {isa = PBXBuildFile; fileRef = 0A0A66CB1888071A00A74AA4 /* KBAMessageController.xib */; };
		0A433FF61885575A00F1DF5E /* KBAAuthSuccessPopController.m in Sources */ = {isa = PBXBuildFile; fileRef = 0A433FF41885575A00F1DF5E /* KBAAuthSuccessPopController.m */; };
		0A433FF71885575A00F1DF5E /* KBAAuthSuccessPopController.xib in Resources */ = {isa = PBXBuildFile; fileRef = 0A433FF51885575A00F1DF5E /* KBAAuthSuccessPopController.xib */; };
		0A579660187EC43D005EFC73 /* KBAUISegmentedControl.m in Sources */ = {isa = PBXBuildFile; fileRef = 0A57965F187EC43D005EFC73 /* KBAUISegmentedControl.m */; };
		0A893764183BA118003495A4 /* KBADashboardController.m in Sources */ = {isa = PBXBuildFile; fileRef = 0A893763183BA118003495A4 /* KBADashboardController.m */; };
		0AA94D8E188543D1001D1465 /* KBAAuthFailPopupController.m in Sources */ = {isa = PBXBuildFile; fileRef = 0AA94D8C188543D1001D1465 /* KBAAuthFailPopupController.m */; };
		0AA94D8F188543D1001D1465 /* KBAAuthFailPopupController.xib in Resources */ = {isa = PBXBuildFile; fileRef = 0AA94D8D188543D1001D1465 /* KBAAuthFailPopupController.xib */; };
		0AABAA30187E892B00E067EE /* KBAAuthAdvantagesController.m in Sources */ = {isa = PBXBuildFile; fileRef = 0AABAA2E187E892B00E067EE /* KBAAuthAdvantagesController.m */; };
		0AABAA31187E892B00E067EE /* KBAAuthAdvantagesController.xib in Resources */ = {isa = PBXBuildFile; fileRef = 0AABAA2F187E892B00E067EE /* KBAAuthAdvantagesController.xib */; };
		0AAEEE2F187BED9F00C1F767 /* SVProgressHUD.m in Sources */ = {isa = PBXBuildFile; fileRef = 0AAEEE2C187BED9F00C1F767 /* SVProgressHUD.m */; };
		0AAEEE30187BED9F00C1F767 /* SVProgressHUDViewController.m in Sources */ = {isa = PBXBuildFile; fileRef = 0AAEEE2E187BED9F00C1F767 /* SVProgressHUDViewController.m */; };
		0AAEEE33187C173500C1F767 /* SVProgressHUD.bundle in Resources */ = {isa = PBXBuildFile; fileRef = 0AAEEE32187C173500C1F767 /* SVProgressHUD.bundle */; };
		0ACCD54218857D8200EB05BE /* KBAAbout.m in Sources */ = {isa = PBXBuildFile; fileRef = 0ACCD54018857D8200EB05BE /* KBAAbout.m */; };
		0ACCD54318857D8200EB05BE /* KBAAbout.xib in Resources */ = {isa = PBXBuildFile; fileRef = 0ACCD54118857D8200EB05BE /* KBAAbout.xib */; };
		0AF730F41887D4C600733AB2 /* KBAPrivateController.m in Sources */ = {isa = PBXBuildFile; fileRef = 0AF730F21887D4C600733AB2 /* KBAPrivateController.m */; };
		0AF730F51887D4C600733AB2 /* KBAPrivateController.xib in Resources */ = {isa = PBXBuildFile; fileRef = 0AF730F31887D4C600733AB2 /* KBAPrivateController.xib */; };
		0AF730F81887D9C100733AB2 /* Message.m in Sources */ = {isa = PBXBuildFile; fileRef = 0AF730F71887D9C100733AB2 /* Message.m */; };
		0AF730FC1887E07900733AB2 /* KBAMessageDaoDummy.m in Sources */ = {isa = PBXBuildFile; fileRef = 0AF730FB1887E07900733AB2 /* KBAMessageDaoDummy.m */; };
		0AF730FF1887E10C00733AB2 /* KBAMessageDaoRest.m in Sources */ = {isa = PBXBuildFile; fileRef = 0AF730FE1887E10C00733AB2 /* KBAMessageDaoRest.m */; };
		2139AC5F18610DB0008FB712 /* KBAFlatDatePicker.m in Sources */ = {isa = PBXBuildFile; fileRef = 2139AC5E18610DB0008FB712 /* KBAFlatDatePicker.m */; };
		2139AC6118610DD3008FB712 /* KBAChooseAccountTableContr.xib in Resources */ = {isa = PBXBuildFile; fileRef = 2139AC6018610DD3008FB712 /* KBAChooseAccountTableContr.xib */; };
		2139AC6318610DF1008FB712 /* KBAChooseAccountTableContr.m in Sources */ = {isa = PBXBuildFile; fileRef = 2139AC6218610DF1008FB712 /* KBAChooseAccountTableContr.m */; };
		213BC4741889E5F300E12598 /* KBAAlertView.m in Sources */ = {isa = PBXBuildFile; fileRef = 213BC4731889E5F300E12598 /* KBAAlertView.m */; };
		21BB5D1D187D5FC400460EE9 /* JVFloatLabeledTextField.m in Sources */ = {isa = PBXBuildFile; fileRef = 21BB5D1B187D5FC400460EE9 /* JVFloatLabeledTextField.m */; };
		21BBE56618895E350014DCF2 /* TPKeyboardAvoidingScrollView.m in Sources */ = {isa = PBXBuildFile; fileRef = 21BBE56418895E350014DCF2 /* TPKeyboardAvoidingScrollView.m */; };
		21BBE56718895E350014DCF2 /* UIScrollView+TPKeyboardAvoidingAdditions.m in Sources */ = {isa = PBXBuildFile; fileRef = 21BBE56518895E350014DCF2 /* UIScrollView+TPKeyboardAvoidingAdditions.m */; };
		21F8EE89187DFA1D00025C42 /* KBAButton.m in Sources */ = {isa = PBXBuildFile; fileRef = 21F8EE88187DFA1D00025C42 /* KBAButton.m */; };
		3407E8E91838FD110045C014 /* KBAMasterViewController.m in Sources */ = {isa = PBXBuildFile; fileRef = 3407E8E71838FD110045C014 /* KBAMasterViewController.m */; };
		34199A881841710C00F574D5 /* Assets in Resources */ = {isa = PBXBuildFile; fileRef = 34199A871841710C00F574D5 /* Assets */; };
		34199A8A18417A6F00F574D5 /* Documentation in Resources */ = {isa = PBXBuildFile; fileRef = 34199A8918417A6F00F574D5 /* Documentation */; };
		342322E11837B9FD00618D7E /* Foundation.framework in Frameworks */ = {isa = PBXBuildFile; fileRef = 342322E01837B9FD00618D7E /* Foundation.framework */; };
		342322E31837B9FD00618D7E /* CoreGraphics.framework in Frameworks */ = {isa = PBXBuildFile; fileRef = 342322E21837B9FD00618D7E /* CoreGraphics.framework */; };
		342322E51837B9FD00618D7E /* UIKit.framework in Frameworks */ = {isa = PBXBuildFile; fileRef = 342322E41837B9FD00618D7E /* UIKit.framework */; };
		342322EB1837B9FD00618D7E /* InfoPlist.strings in Resources */ = {isa = PBXBuildFile; fileRef = 342322E91837B9FD00618D7E /* InfoPlist.strings */; };
		342322ED1837B9FD00618D7E /* main.m in Sources */ = {isa = PBXBuildFile; fileRef = 342322EC1837B9FD00618D7E /* main.m */; };
		342322F11837B9FD00618D7E /* KBAAppDelegate.m in Sources */ = {isa = PBXBuildFile; fileRef = 342322F01837B9FD00618D7E /* KBAAppDelegate.m */; };
		342322F41837B9FD00618D7E /* Main.storyboard in Resources */ = {isa = PBXBuildFile; fileRef = 342322F21837B9FD00618D7E /* Main.storyboard */; };
		342322FC1837B9FD00618D7E /* Images.xcassets in Resources */ = {isa = PBXBuildFile; fileRef = 342322FB1837B9FD00618D7E /* Images.xcassets */; };
		342323031837B9FD00618D7E /* XCTest.framework in Frameworks */ = {isa = PBXBuildFile; fileRef = 342323021837B9FD00618D7E /* XCTest.framework */; };
		342323041837B9FD00618D7E /* Foundation.framework in Frameworks */ = {isa = PBXBuildFile; fileRef = 342322E01837B9FD00618D7E /* Foundation.framework */; };
		342323051837B9FD00618D7E /* UIKit.framework in Frameworks */ = {isa = PBXBuildFile; fileRef = 342322E41837B9FD00618D7E /* UIKit.framework */; };
		3423230D1837B9FD00618D7E /* InfoPlist.strings in Resources */ = {isa = PBXBuildFile; fileRef = 3423230B1837B9FD00618D7E /* InfoPlist.strings */; };
		3423230F1837B9FD00618D7E /* KibaTests.m in Sources */ = {isa = PBXBuildFile; fileRef = 3423230E1837B9FD00618D7E /* KibaTests.m */; };
		A83F99A8187ECB5B001E3F5B /* KBAFinanceController.xib in Resources */ = {isa = PBXBuildFile; fileRef = A83F99A7187ECB5B001E3F5B /* KBAFinanceController.xib */; };
		A8610F181860830600E3093E /* KBATransactionDaoDummy.m in Sources */ = {isa = PBXBuildFile; fileRef = A8610F171860830600E3093E /* KBATransactionDaoDummy.m */; };
		A8610F1F1860934500E3093E /* KBATransactionDaoRest.m in Sources */ = {isa = PBXBuildFile; fileRef = A8610F1E1860934500E3093E /* KBATransactionDaoRest.m */; };
		A8A5A26B188E618B0055B18C /* KBAInfoController.m in Sources */ = {isa = PBXBuildFile; fileRef = A8A5A269188E618B0055B18C /* KBAInfoController.m */; };
		A8A5A26C188E618B0055B18C /* KBAInfoController.xib in Resources */ = {isa = PBXBuildFile; fileRef = A8A5A26A188E618B0055B18C /* KBAInfoController.xib */; };
		A8A909E01887E06B00435343 /* KBACreditRatingDaoDummy.m in Sources */ = {isa = PBXBuildFile; fileRef = A8A909DF1887E06B00435343 /* KBACreditRatingDaoDummy.m */; };
		A8A909E31887E29500435343 /* KBACreditRatingDaoRest.m in Sources */ = {isa = PBXBuildFile; fileRef = A8A909E21887E29500435343 /* KBACreditRatingDaoRest.m */; };
		A8AE9A64187BE73E00ACC653 /* KBAFinanceController.m in Sources */ = {isa = PBXBuildFile; fileRef = A8AE9A62187BE73E00ACC653 /* KBAFinanceController.m */; };
		A8B693501885501300AD8DA3 /* KBAUISlider.m in Sources */ = {isa = PBXBuildFile; fileRef = A8B6934F1885501300AD8DA3 /* KBAUISlider.m */; };
		A8D883161860463B006DD296 /* KBAStatemTableContr.m in Sources */ = {isa = PBXBuildFile; fileRef = A8D883151860463B006DD296 /* KBAStatemTableContr.m */; };
		A8F81C881844B51D00E55C75 /* Account.m in Sources */ = {isa = PBXBuildFile; fileRef = A8F81C7D1844B51D00E55C75 /* Account.m */; };
		A8F81C891844B51D00E55C75 /* Address.m in Sources */ = {isa = PBXBuildFile; fileRef = A8F81C7F1844B51D00E55C75 /* Address.m */; };
		A8F81C8A1844B51D00E55C75 /* Branch.m in Sources */ = {isa = PBXBuildFile; fileRef = A8F81C811844B51D00E55C75 /* Branch.m */; };
		A8F81C8B1844B51D00E55C75 /* CreditRating.m in Sources */ = {isa = PBXBuildFile; fileRef = A8F81C831844B51D00E55C75 /* CreditRating.m */; };
		A8F81C8C1844B51D00E55C75 /* Customer.m in Sources */ = {isa = PBXBuildFile; fileRef = A8F81C851844B51D00E55C75 /* Customer.m */; };
		A8F81C8D1844B51D00E55C75 /* Transaction.m in Sources */ = {isa = PBXBuildFile; fileRef = A8F81C871844B51D00E55C75 /* Transaction.m */; };
		C10C5FBF183B877B008FAECB /* KBABranchDaoRest.m in Sources */ = {isa = PBXBuildFile; fileRef = C10C5FBE183B877B008FAECB /* KBABranchDaoRest.m */; };
		C10C5FC2183B8A5A008FAECB /* KBADependencyInjector.m in Sources */ = {isa = PBXBuildFile; fileRef = C10C5FC1183B8A5A008FAECB /* KBADependencyInjector.m */; };
		C10C5FC5183B8DF7008FAECB /* KBABootstrap.m in Sources */ = {isa = PBXBuildFile; fileRef = C10C5FC4183B8DF7008FAECB /* KBABootstrap.m */; };
		C12D3481184DC4BA006EED2A /* MapKit.framework in Frameworks */ = {isa = PBXBuildFile; fileRef = C12D3480184DC4BA006EED2A /* MapKit.framework */; };
		C13B62F4183B7D0200207422 /* KBABranchDaoDummy.m in Sources */ = {isa = PBXBuildFile; fileRef = C13B62F3183B7D0200207422 /* KBABranchDaoDummy.m */; };
		C152D40B188E72F20011BDEB /* KBAMessageService.m in Sources */ = {isa = PBXBuildFile; fileRef = C152D40A188E72F20011BDEB /* KBAMessageService.m */; };
		C16A7B7A184DC9D3005DC504 /* KBAFinderController.m in Sources */ = {isa = PBXBuildFile; fileRef = C16A7B78184DC9D3005DC504 /* KBAFinderController.m */; };
		C16A7B7B184DC9D3005DC504 /* KBAFinderController.xib in Resources */ = {isa = PBXBuildFile; fileRef = C16A7B79184DC9D3005DC504 /* KBAFinderController.xib */; };
		C16A7B80184DCDAB005DC504 /* KBAStoreLocation.m in Sources */ = {isa = PBXBuildFile; fileRef = C16A7B7F184DCDAB005DC504 /* KBAStoreLocation.m */; };
		C1704208184DF3A00019F929 /* KBAFinderService.m in Sources */ = {isa = PBXBuildFile; fileRef = C1704207184DF3A00019F929 /* KBAFinderService.m */; };
		C170420C184DFE900019F929 /* KBABranchController.m in Sources */ = {isa = PBXBuildFile; fileRef = C170420A184DFE900019F929 /* KBABranchController.m */; };
		C170420D184DFE900019F929 /* KBABranchController.xib in Resources */ = {isa = PBXBuildFile; fileRef = C170420B184DFE900019F929 /* KBABranchController.xib */; };
		C17AFBC9187BF9E2009C0CE9 /* KBACurrencyContr.m in Sources */ = {isa = PBXBuildFile; fileRef = C17AFBC7187BF9E2009C0CE9 /* KBACurrencyContr.m */; };
		C17AFBCA187BF9E2009C0CE9 /* KBACurrencyContr.xib in Resources */ = {isa = PBXBuildFile; fileRef = C17AFBC8187BF9E2009C0CE9 /* KBACurrencyContr.xib */; };
		C17AFBCF187C1017009C0CE9 /* KBAAppointmentContr.m in Sources */ = {isa = PBXBuildFile; fileRef = C17AFBCD187C1017009C0CE9 /* KBAAppointmentContr.m */; };
		C17AFBD0187C1017009C0CE9 /* KBAAppointmentContr.xib in Resources */ = {isa = PBXBuildFile; fileRef = C17AFBCE187C1017009C0CE9 /* KBAAppointmentContr.xib */; };
		C1A6D4071847661A00AFB665 /* KBADashboardController.xib in Resources */ = {isa = PBXBuildFile; fileRef = C1A6D4061847661A00AFB665 /* KBADashboardController.xib */; };
		C1F00E631844DAEB009EFE4F /* KBAViewController.m in Sources */ = {isa = PBXBuildFile; fileRef = C1F00E621844DAEB009EFE4F /* KBAViewController.m */; };
		C1F00E731844E08C009EFE4F /* KBAAuthController.m in Sources */ = {isa = PBXBuildFile; fileRef = C1F00E711844E08C009EFE4F /* KBAAuthController.m */; };
		C1F00E741844E08C009EFE4F /* KBAAuthController.xib in Resources */ = {isa = PBXBuildFile; fileRef = C1F00E721844E08C009EFE4F /* KBAAuthController.xib */; };
		C1F00E781844E0FA009EFE4F /* KBAAccountController.m in Sources */ = {isa = PBXBuildFile; fileRef = C1F00E761844E0FA009EFE4F /* KBAAccountController.m */; };
		C1F00E791844E0FA009EFE4F /* KBAAccountController.xib in Resources */ = {isa = PBXBuildFile; fileRef = C1F00E771844E0FA009EFE4F /* KBAAccountController.xib */; };
		C1F12CBA185742EB001AA21E /* KBAExchangeRateDaoRest.m in Sources */ = {isa = PBXBuildFile; fileRef = C1F12CB9185742EB001AA21E /* KBAExchangeRateDaoRest.m */; };
		C1F12CC11857499F001AA21E /* Currency.m in Sources */ = {isa = PBXBuildFile; fileRef = C1F12CC01857499F001AA21E /* Currency.m */; };
		D929E547185093B1008FC26E /* OpenHour.m in Sources */ = {isa = PBXBuildFile; fileRef = D929E546185093B1008FC26E /* OpenHour.m */; };
		D93C6A201859D8E90004E51A /* KBADocContr.m in Sources */ = {isa = PBXBuildFile; fileRef = D93C6A0C1859D8E90004E51A /* KBADocContr.m */; };
		D93C6A211859D8E90004E51A /* KBADocContr.xib in Resources */ = {isa = PBXBuildFile; fileRef = D93C6A0D1859D8E90004E51A /* KBADocContr.xib */; };
		D93C6A221859D8E90004E51A /* KBADocTableContr.m in Sources */ = {isa = PBXBuildFile; fileRef = D93C6A0F1859D8E90004E51A /* KBADocTableContr.m */; };
		D93C6A231859D8E90004E51A /* KBASelfServContr.m in Sources */ = {isa = PBXBuildFile; fileRef = D93C6A111859D8E90004E51A /* KBASelfServContr.m */; };
		D93C6A241859D8E90004E51A /* KBASelfServContr.xib in Resources */ = {isa = PBXBuildFile; fileRef = D93C6A121859D8E90004E51A /* KBASelfServContr.xib */; };
		D93C6A251859D8E90004E51A /* KBAStatemContr.m in Sources */ = {isa = PBXBuildFile; fileRef = D93C6A141859D8E90004E51A /* KBAStatemContr.m */; };
		D93C6A261859D8E90004E51A /* KBAStatemContr.xib in Resources */ = {isa = PBXBuildFile; fileRef = D93C6A151859D8E90004E51A /* KBAStatemContr.xib */; };
		D93C6A291859D8E90004E51A /* KBATransContr.m in Sources */ = {isa = PBXBuildFile; fileRef = D93C6A1B1859D8E90004E51A /* KBATransContr.m */; };
		D93C6A2A1859D8E90004E51A /* KBATransContr.xib in Resources */ = {isa = PBXBuildFile; fileRef = D93C6A1C1859D8E90004E51A /* KBATransContr.xib */; };
		D93C6A2B1859D8E90004E51A /* KBATransTableContr.m in Sources */ = {isa = PBXBuildFile; fileRef = D93C6A1E1859D8E90004E51A /* KBATransTableContr.m */; };
		D93C6A341859D94A0004E51A /* AccountService.m in Sources */ = {isa = PBXBuildFile; fileRef = D93C6A2D1859D94A0004E51A /* AccountService.m */; };
		D93C6A351859D94A0004E51A /* BranchService.m in Sources */ = {isa = PBXBuildFile; fileRef = D93C6A2F1859D94A0004E51A /* BranchService.m */; };
		D93C6A361859D94A0004E51A /* KBAAuth.m in Sources */ = {isa = PBXBuildFile; fileRef = D93C6A311859D94A0004E51A /* KBAAuth.m */; };
		D93C6A371859D94A0004E51A /* KBACustomerService.m in Sources */ = {isa = PBXBuildFile; fileRef = D93C6A331859D94A0004E51A /* KBACustomerService.m */; };
		D93C6A471859DA800004E51A /* KBAAccountDaoDummy.m in Sources */ = {isa = PBXBuildFile; fileRef = D93C6A3F1859DA800004E51A /* KBAAccountDaoDummy.m */; };
		D93C6A481859DA800004E51A /* KBAAccountDaoRest.m in Sources */ = {isa = PBXBuildFile; fileRef = D93C6A411859DA800004E51A /* KBAAccountDaoRest.m */; };
		D93C6A491859DA800004E51A /* KBACustomerDaoDummy.m in Sources */ = {isa = PBXBuildFile; fileRef = D93C6A441859DA800004E51A /* KBACustomerDaoDummy.m */; };
		D93C6A4A1859DA800004E51A /* KBACustomerDaoRest.m in Sources */ = {isa = PBXBuildFile; fileRef = D93C6A461859DA800004E51A /* KBACustomerDaoRest.m */; };
		D93C6A4D1859E5170004E51A /* User.m in Sources */ = {isa = PBXBuildFile; fileRef = D93C6A4C1859E5170004E51A /* User.m */; };
		D93C6A501859E5F50004E51A /* Consultant.m in Sources */ = {isa = PBXBuildFile; fileRef = D93C6A4F1859E5F50004E51A /* Consultant.m */; };
/* End PBXBuildFile section */

/* Begin PBXContainerItemProxy section */
		342323061837B9FD00618D7E /* PBXContainerItemProxy */ = {
			isa = PBXContainerItemProxy;
			containerPortal = 342322D51837B9FD00618D7E /* Project object */;
			proxyType = 1;
			remoteGlobalIDString = 342322DC1837B9FD00618D7E;
			remoteInfo = Kiba;
		};
/* End PBXContainerItemProxy section */

/* Begin PBXFileReference section */
		0A0A66C91888071A00A74AA4 /* KBAMessageController.h */ = {isa = PBXFileReference; fileEncoding = 4; lastKnownFileType = sourcecode.c.h; name = KBAMessageController.h; path = View/Private/KBAMessageController.h; sourceTree = "<group>"; };
		0A0A66CA1888071A00A74AA4 /* KBAMessageController.m */ = {isa = PBXFileReference; fileEncoding = 4; lastKnownFileType = sourcecode.c.objc; name = KBAMessageController.m; path = View/Private/KBAMessageController.m; sourceTree = "<group>"; };
		0A0A66CB1888071A00A74AA4 /* KBAMessageController.xib */ = {isa = PBXFileReference; fileEncoding = 4; lastKnownFileType = file.xib; name = KBAMessageController.xib; path = View/Private/KBAMessageController.xib; sourceTree = "<group>"; };
		0A433FF31885575A00F1DF5E /* KBAAuthSuccessPopController.h */ = {isa = PBXFileReference; fileEncoding = 4; lastKnownFileType = sourcecode.c.h; name = KBAAuthSuccessPopController.h; path = View/KBAAuthSuccessPopController.h; sourceTree = "<group>"; };
		0A433FF41885575A00F1DF5E /* KBAAuthSuccessPopController.m */ = {isa = PBXFileReference; fileEncoding = 4; lastKnownFileType = sourcecode.c.objc; name = KBAAuthSuccessPopController.m; path = View/KBAAuthSuccessPopController.m; sourceTree = "<group>"; };
		0A433FF51885575A00F1DF5E /* KBAAuthSuccessPopController.xib */ = {isa = PBXFileReference; fileEncoding = 4; lastKnownFileType = file.xib; name = KBAAuthSuccessPopController.xib; path = View/KBAAuthSuccessPopController.xib; sourceTree = "<group>"; };
		0A57965E187EC43D005EFC73 /* KBAUISegmentedControl.h */ = {isa = PBXFileReference; fileEncoding = 4; lastKnownFileType = sourcecode.c.h; name = KBAUISegmentedControl.h; path = View/KBAUISegmentedControl.h; sourceTree = "<group>"; };
		0A57965F187EC43D005EFC73 /* KBAUISegmentedControl.m */ = {isa = PBXFileReference; fileEncoding = 4; lastKnownFileType = sourcecode.c.objc; name = KBAUISegmentedControl.m; path = View/KBAUISegmentedControl.m; sourceTree = "<group>"; };
		0A893762183BA118003495A4 /* KBADashboardController.h */ = {isa = PBXFileReference; fileEncoding = 4; lastKnownFileType = sourcecode.c.h; name = KBADashboardController.h; path = View/Dashboard/KBADashboardController.h; sourceTree = "<group>"; };
		0A893763183BA118003495A4 /* KBADashboardController.m */ = {isa = PBXFileReference; fileEncoding = 4; lastKnownFileType = sourcecode.c.objc; name = KBADashboardController.m; path = View/Dashboard/KBADashboardController.m; sourceTree = "<group>"; };
		0AA94D8B188543D1001D1465 /* KBAAuthFailPopupController.h */ = {isa = PBXFileReference; fileEncoding = 4; lastKnownFileType = sourcecode.c.h; name = KBAAuthFailPopupController.h; path = View/KBAAuthFailPopupController.h; sourceTree = "<group>"; };
		0AA94D8C188543D1001D1465 /* KBAAuthFailPopupController.m */ = {isa = PBXFileReference; fileEncoding = 4; lastKnownFileType = sourcecode.c.objc; name = KBAAuthFailPopupController.m; path = View/KBAAuthFailPopupController.m; sourceTree = "<group>"; };
		0AA94D8D188543D1001D1465 /* KBAAuthFailPopupController.xib */ = {isa = PBXFileReference; fileEncoding = 4; lastKnownFileType = file.xib; name = KBAAuthFailPopupController.xib; path = View/KBAAuthFailPopupController.xib; sourceTree = "<group>"; };
		0AABAA2D187E892B00E067EE /* KBAAuthAdvantagesController.h */ = {isa = PBXFileReference; fileEncoding = 4; lastKnownFileType = sourcecode.c.h; name = KBAAuthAdvantagesController.h; path = View/Auth/KBAAuthAdvantagesController.h; sourceTree = "<group>"; };
		0AABAA2E187E892B00E067EE /* KBAAuthAdvantagesController.m */ = {isa = PBXFileReference; fileEncoding = 4; lastKnownFileType = sourcecode.c.objc; name = KBAAuthAdvantagesController.m; path = View/Auth/KBAAuthAdvantagesController.m; sourceTree = "<group>"; };
		0AABAA2F187E892B00E067EE /* KBAAuthAdvantagesController.xib */ = {isa = PBXFileReference; fileEncoding = 4; lastKnownFileType = file.xib; name = KBAAuthAdvantagesController.xib; path = View/Auth/KBAAuthAdvantagesController.xib; sourceTree = "<group>"; };
		0AAEEE2B187BED9F00C1F767 /* SVProgressHUD.h */ = {isa = PBXFileReference; fileEncoding = 4; lastKnownFileType = sourcecode.c.h; name = SVProgressHUD.h; path = "View/Custom - GUI/SVProgressHUD.h"; sourceTree = "<group>"; };
		0AAEEE2C187BED9F00C1F767 /* SVProgressHUD.m */ = {isa = PBXFileReference; fileEncoding = 4; lastKnownFileType = sourcecode.c.objc; name = SVProgressHUD.m; path = "View/Custom - GUI/SVProgressHUD.m"; sourceTree = "<group>"; };
		0AAEEE2D187BED9F00C1F767 /* SVProgressHUDViewController.h */ = {isa = PBXFileReference; fileEncoding = 4; lastKnownFileType = sourcecode.c.h; name = SVProgressHUDViewController.h; path = "View/Custom - GUI/SVProgressHUDViewController.h"; sourceTree = "<group>"; };
		0AAEEE2E187BED9F00C1F767 /* SVProgressHUDViewController.m */ = {isa = PBXFileReference; fileEncoding = 4; lastKnownFileType = sourcecode.c.objc; name = SVProgressHUDViewController.m; path = "View/Custom - GUI/SVProgressHUDViewController.m"; sourceTree = "<group>"; };
		0AAEEE32187C173500C1F767 /* SVProgressHUD.bundle */ = {isa = PBXFileReference; lastKnownFileType = "wrapper.plug-in"; name = SVProgressHUD.bundle; path = "View/Custom - GUI/SVProgressHUD.bundle"; sourceTree = "<group>"; };
		0ACCD53F18857D8200EB05BE /* KBAAbout.h */ = {isa = PBXFileReference; fileEncoding = 4; lastKnownFileType = sourcecode.c.h; name = KBAAbout.h; path = View/About/KBAAbout.h; sourceTree = "<group>"; };
		0ACCD54018857D8200EB05BE /* KBAAbout.m */ = {isa = PBXFileReference; fileEncoding = 4; lastKnownFileType = sourcecode.c.objc; name = KBAAbout.m; path = View/About/KBAAbout.m; sourceTree = "<group>"; };
		0ACCD54118857D8200EB05BE /* KBAAbout.xib */ = {isa = PBXFileReference; fileEncoding = 4; lastKnownFileType = file.xib; name = KBAAbout.xib; path = View/About/KBAAbout.xib; sourceTree = "<group>"; };
		0AF730F11887D4C600733AB2 /* KBAPrivateController.h */ = {isa = PBXFileReference; fileEncoding = 4; lastKnownFileType = sourcecode.c.h; name = KBAPrivateController.h; path = View/Private/KBAPrivateController.h; sourceTree = "<group>"; };
		0AF730F21887D4C600733AB2 /* KBAPrivateController.m */ = {isa = PBXFileReference; fileEncoding = 4; lastKnownFileType = sourcecode.c.objc; name = KBAPrivateController.m; path = View/Private/KBAPrivateController.m; sourceTree = "<group>"; };
		0AF730F31887D4C600733AB2 /* KBAPrivateController.xib */ = {isa = PBXFileReference; fileEncoding = 4; lastKnownFileType = file.xib; name = KBAPrivateController.xib; path = View/Private/KBAPrivateController.xib; sourceTree = "<group>"; };
		0AF730F61887D9C100733AB2 /* Message.h */ = {isa = PBXFileReference; fileEncoding = 4; lastKnownFileType = sourcecode.c.h; name = Message.h; path = Entities/Message.h; sourceTree = "<group>"; };
		0AF730F71887D9C100733AB2 /* Message.m */ = {isa = PBXFileReference; fileEncoding = 4; lastKnownFileType = sourcecode.c.objc; name = Message.m; path = Entities/Message.m; sourceTree = "<group>"; };
		0AF730F91887DF8B00733AB2 /* KBAMessageDao.h */ = {isa = PBXFileReference; fileEncoding = 4; lastKnownFileType = sourcecode.c.h; name = KBAMessageDao.h; path = Library/DAO/KBAMessageDao.h; sourceTree = "<group>"; };
		0AF730FA1887E07900733AB2 /* KBAMessageDaoDummy.h */ = {isa = PBXFileReference; fileEncoding = 4; lastKnownFileType = sourcecode.c.h; name = KBAMessageDaoDummy.h; path = Library/DAO/KBAMessageDaoDummy.h; sourceTree = "<group>"; };
		0AF730FB1887E07900733AB2 /* KBAMessageDaoDummy.m */ = {isa = PBXFileReference; fileEncoding = 4; lastKnownFileType = sourcecode.c.objc; name = KBAMessageDaoDummy.m; path = Library/DAO/KBAMessageDaoDummy.m; sourceTree = "<group>"; };
		0AF730FD1887E10C00733AB2 /* KBAMessageDaoRest.h */ = {isa = PBXFileReference; fileEncoding = 4; lastKnownFileType = sourcecode.c.h; name = KBAMessageDaoRest.h; path = Library/DAO/KBAMessageDaoRest.h; sourceTree = "<group>"; };
		0AF730FE1887E10C00733AB2 /* KBAMessageDaoRest.m */ = {isa = PBXFileReference; fileEncoding = 4; lastKnownFileType = sourcecode.c.objc; name = KBAMessageDaoRest.m; path = Library/DAO/KBAMessageDaoRest.m; sourceTree = "<group>"; };
		2139AC5D18610DB0008FB712 /* KBAFlatDatePicker.h */ = {isa = PBXFileReference; fileEncoding = 4; lastKnownFileType = sourcecode.c.h; name = KBAFlatDatePicker.h; path = View/SelfService/KBAFlatDatePicker.h; sourceTree = "<group>"; };
		2139AC5E18610DB0008FB712 /* KBAFlatDatePicker.m */ = {isa = PBXFileReference; fileEncoding = 4; lastKnownFileType = sourcecode.c.objc; name = KBAFlatDatePicker.m; path = View/SelfService/KBAFlatDatePicker.m; sourceTree = "<group>"; };
		2139AC6018610DD3008FB712 /* KBAChooseAccountTableContr.xib */ = {isa = PBXFileReference; fileEncoding = 4; lastKnownFileType = file.xib; name = KBAChooseAccountTableContr.xib; path = View/SelfService/KBAChooseAccountTableContr.xib; sourceTree = "<group>"; };
		2139AC6218610DF1008FB712 /* KBAChooseAccountTableContr.m */ = {isa = PBXFileReference; fileEncoding = 4; lastKnownFileType = sourcecode.c.objc; name = KBAChooseAccountTableContr.m; path = View/SelfService/KBAChooseAccountTableContr.m; sourceTree = "<group>"; };
		2139AC6418610E00008FB712 /* KBAChooseAccountTableContr.h */ = {isa = PBXFileReference; lastKnownFileType = sourcecode.c.h; name = KBAChooseAccountTableContr.h; path = View/SelfService/KBAChooseAccountTableContr.h; sourceTree = "<group>"; };
		213BC4721889E5F300E12598 /* KBAAlertView.h */ = {isa = PBXFileReference; fileEncoding = 4; lastKnownFileType = sourcecode.c.h; name = KBAAlertView.h; path = "View/Custom - GUI/KBAAlertView.h"; sourceTree = "<group>"; };
		213BC4731889E5F300E12598 /* KBAAlertView.m */ = {isa = PBXFileReference; fileEncoding = 4; lastKnownFileType = sourcecode.c.objc; name = KBAAlertView.m; path = "View/Custom - GUI/KBAAlertView.m"; sourceTree = "<group>"; };
		21BB5D19187D5FC400460EE9 /* JVFloatLabeledTextField.h */ = {isa = PBXFileReference; fileEncoding = 4; lastKnownFileType = sourcecode.c.h; name = JVFloatLabeledTextField.h; path = "View/Custom - GUI/JVFloatLabeledTextField.h"; sourceTree = "<group>"; };
		21BB5D1B187D5FC400460EE9 /* JVFloatLabeledTextField.m */ = {isa = PBXFileReference; fileEncoding = 4; lastKnownFileType = sourcecode.c.objc; name = JVFloatLabeledTextField.m; path = "View/Custom - GUI/JVFloatLabeledTextField.m"; sourceTree = "<group>"; };
		21BBE56218895E350014DCF2 /* TPKeyboardAvoidingScrollView.h */ = {isa = PBXFileReference; fileEncoding = 4; lastKnownFileType = sourcecode.c.h; name = TPKeyboardAvoidingScrollView.h; path = View/TPKeyboardAvoidingScrollView.h; sourceTree = "<group>"; };
		21BBE56318895E350014DCF2 /* UIScrollView+TPKeyboardAvoidingAdditions.h */ = {isa = PBXFileReference; fileEncoding = 4; lastKnownFileType = sourcecode.c.h; name = "UIScrollView+TPKeyboardAvoidingAdditions.h"; path = "View/UIScrollView+TPKeyboardAvoidingAdditions.h"; sourceTree = "<group>"; };
		21BBE56418895E350014DCF2 /* TPKeyboardAvoidingScrollView.m */ = {isa = PBXFileReference; fileEncoding = 4; lastKnownFileType = sourcecode.c.objc; name = TPKeyboardAvoidingScrollView.m; path = View/TPKeyboardAvoidingScrollView.m; sourceTree = "<group>"; };
		21BBE56518895E350014DCF2 /* UIScrollView+TPKeyboardAvoidingAdditions.m */ = {isa = PBXFileReference; fileEncoding = 4; lastKnownFileType = sourcecode.c.objc; name = "UIScrollView+TPKeyboardAvoidingAdditions.m"; path = "View/UIScrollView+TPKeyboardAvoidingAdditions.m"; sourceTree = "<group>"; };
		21F8EE87187DFA1D00025C42 /* KBAButton.h */ = {isa = PBXFileReference; fileEncoding = 4; lastKnownFileType = sourcecode.c.h; name = KBAButton.h; path = View/KBAButton.h; sourceTree = "<group>"; };
		21F8EE88187DFA1D00025C42 /* KBAButton.m */ = {isa = PBXFileReference; fileEncoding = 4; lastKnownFileType = sourcecode.c.objc; name = KBAButton.m; path = View/KBAButton.m; sourceTree = "<group>"; };
		3407E8CB1837BD980045C014 /* LICENSE */ = {isa = PBXFileReference; lastKnownFileType = text; path = LICENSE; sourceTree = "<group>"; };
		3407E8CC1837BDA20045C014 /* README.md */ = {isa = PBXFileReference; lastKnownFileType = text; path = README.md; sourceTree = "<group>"; };
		3407E8D91838FA200045C014 /* README.md */ = {isa = PBXFileReference; fileEncoding = 4; lastKnownFileType = text; name = README.md; path = View/README.md; sourceTree = "<group>"; };
		3407E8DB1838FA420045C014 /* README.md */ = {isa = PBXFileReference; fileEncoding = 4; lastKnownFileType = text; name = README.md; path = Services/README.md; sourceTree = "<group>"; };
		3407E8DD1838FA790045C014 /* README.md */ = {isa = PBXFileReference; fileEncoding = 4; lastKnownFileType = text; name = README.md; path = Library/README.md; sourceTree = "<group>"; };
		3407E8E61838FD110045C014 /* KBAMasterViewController.h */ = {isa = PBXFileReference; fileEncoding = 4; lastKnownFileType = sourcecode.c.h; name = KBAMasterViewController.h; path = View/KBAMasterViewController.h; sourceTree = "<group>"; };
		3407E8E71838FD110045C014 /* KBAMasterViewController.m */ = {isa = PBXFileReference; fileEncoding = 4; lastKnownFileType = sourcecode.c.objc; name = KBAMasterViewController.m; path = View/KBAMasterViewController.m; sourceTree = "<group>"; };
		34199A871841710C00F574D5 /* Assets */ = {isa = PBXFileReference; lastKnownFileType = folder; path = Assets; sourceTree = "<group>"; };
		34199A8918417A6F00F574D5 /* Documentation */ = {isa = PBXFileReference; lastKnownFileType = folder; path = Documentation; sourceTree = "<group>"; };
		342322DD1837B9FD00618D7E /* Kiba.app */ = {isa = PBXFileReference; explicitFileType = wrapper.application; includeInIndex = 0; path = Kiba.app; sourceTree = BUILT_PRODUCTS_DIR; };
		342322E01837B9FD00618D7E /* Foundation.framework */ = {isa = PBXFileReference; lastKnownFileType = wrapper.framework; name = Foundation.framework; path = System/Library/Frameworks/Foundation.framework; sourceTree = SDKROOT; };
		342322E21837B9FD00618D7E /* CoreGraphics.framework */ = {isa = PBXFileReference; lastKnownFileType = wrapper.framework; name = CoreGraphics.framework; path = System/Library/Frameworks/CoreGraphics.framework; sourceTree = SDKROOT; };
		342322E41837B9FD00618D7E /* UIKit.framework */ = {isa = PBXFileReference; lastKnownFileType = wrapper.framework; name = UIKit.framework; path = System/Library/Frameworks/UIKit.framework; sourceTree = SDKROOT; };
		342322E81837B9FD00618D7E /* Kiba-Info.plist */ = {isa = PBXFileReference; lastKnownFileType = text.plist.xml; path = "Kiba-Info.plist"; sourceTree = "<group>"; };
		342322EA1837B9FD00618D7E /* en */ = {isa = PBXFileReference; lastKnownFileType = text.plist.strings; name = en; path = en.lproj/InfoPlist.strings; sourceTree = "<group>"; };
		342322EC1837B9FD00618D7E /* main.m */ = {isa = PBXFileReference; lastKnownFileType = sourcecode.c.objc; path = main.m; sourceTree = "<group>"; };
		342322EE1837B9FD00618D7E /* Kiba-Prefix.pch */ = {isa = PBXFileReference; lastKnownFileType = sourcecode.c.h; path = "Kiba-Prefix.pch"; sourceTree = "<group>"; };
		342322EF1837B9FD00618D7E /* KBAAppDelegate.h */ = {isa = PBXFileReference; lastKnownFileType = sourcecode.c.h; path = KBAAppDelegate.h; sourceTree = "<group>"; };
		342322F01837B9FD00618D7E /* KBAAppDelegate.m */ = {isa = PBXFileReference; lastKnownFileType = sourcecode.c.objc; path = KBAAppDelegate.m; sourceTree = "<group>"; };
		342322F31837B9FD00618D7E /* Base */ = {isa = PBXFileReference; lastKnownFileType = file.storyboard; name = Base; path = Base.lproj/Main.storyboard; sourceTree = "<group>"; };
		342322FB1837B9FD00618D7E /* Images.xcassets */ = {isa = PBXFileReference; lastKnownFileType = folder.assetcatalog; path = Images.xcassets; sourceTree = "<group>"; };
		342323011837B9FD00618D7E /* KibaTests.xctest */ = {isa = PBXFileReference; explicitFileType = wrapper.cfbundle; includeInIndex = 0; path = KibaTests.xctest; sourceTree = BUILT_PRODUCTS_DIR; };
		342323021837B9FD00618D7E /* XCTest.framework */ = {isa = PBXFileReference; lastKnownFileType = wrapper.framework; name = XCTest.framework; path = Library/Frameworks/XCTest.framework; sourceTree = DEVELOPER_DIR; };
		3423230A1837B9FD00618D7E /* KibaTests-Info.plist */ = {isa = PBXFileReference; lastKnownFileType = text.plist.xml; path = "KibaTests-Info.plist"; sourceTree = "<group>"; };
		3423230C1837B9FD00618D7E /* en */ = {isa = PBXFileReference; lastKnownFileType = text.plist.strings; name = en; path = en.lproj/InfoPlist.strings; sourceTree = "<group>"; };
		3423230E1837B9FD00618D7E /* KibaTests.m */ = {isa = PBXFileReference; lastKnownFileType = sourcecode.c.objc; path = KibaTests.m; sourceTree = "<group>"; };
		344029EA1860773D008B31A2 /* KBAColorHelper.h */ = {isa = PBXFileReference; fileEncoding = 4; lastKnownFileType = sourcecode.c.h; name = KBAColorHelper.h; path = Library/KBAColorHelper.h; sourceTree = "<group>"; };
		34F3B62E185B8D27003E8040 /* OCR A Std.ttf */ = {isa = PBXFileReference; lastKnownFileType = file; path = "OCR A Std.ttf"; sourceTree = "<group>"; };
		A83F99A7187ECB5B001E3F5B /* KBAFinanceController.xib */ = {isa = PBXFileReference; fileEncoding = 4; lastKnownFileType = file.xib; name = KBAFinanceController.xib; path = View/Finance/KBAFinanceController.xib; sourceTree = "<group>"; };
		A8610F161860830600E3093E /* KBATransactionDaoDummy.h */ = {isa = PBXFileReference; fileEncoding = 4; lastKnownFileType = sourcecode.c.h; name = KBATransactionDaoDummy.h; path = Library/DAO/KBATransactionDaoDummy.h; sourceTree = "<group>"; };
		A8610F171860830600E3093E /* KBATransactionDaoDummy.m */ = {isa = PBXFileReference; fileEncoding = 4; lastKnownFileType = sourcecode.c.objc; name = KBATransactionDaoDummy.m; path = Library/DAO/KBATransactionDaoDummy.m; sourceTree = "<group>"; };
		A8610F1C1860847900E3093E /* KBATransactionDao.h */ = {isa = PBXFileReference; lastKnownFileType = sourcecode.c.h; name = KBATransactionDao.h; path = Library/DAO/KBATransactionDao.h; sourceTree = "<group>"; };
		A8610F1D1860934500E3093E /* KBATransactionDaoRest.h */ = {isa = PBXFileReference; fileEncoding = 4; lastKnownFileType = sourcecode.c.h; name = KBATransactionDaoRest.h; path = Library/DAO/KBATransactionDaoRest.h; sourceTree = "<group>"; };
		A8610F1E1860934500E3093E /* KBATransactionDaoRest.m */ = {isa = PBXFileReference; fileEncoding = 4; lastKnownFileType = sourcecode.c.objc; name = KBATransactionDaoRest.m; path = Library/DAO/KBATransactionDaoRest.m; sourceTree = "<group>"; };
		A8A5A268188E618B0055B18C /* KBAInfoController.h */ = {isa = PBXFileReference; fileEncoding = 4; lastKnownFileType = sourcecode.c.h; name = KBAInfoController.h; path = View/SelfService/KBAInfoController.h; sourceTree = "<group>"; };
		A8A5A269188E618B0055B18C /* KBAInfoController.m */ = {isa = PBXFileReference; fileEncoding = 4; lastKnownFileType = sourcecode.c.objc; name = KBAInfoController.m; path = View/SelfService/KBAInfoController.m; sourceTree = "<group>"; };
		A8A5A26A188E618B0055B18C /* KBAInfoController.xib */ = {isa = PBXFileReference; fileEncoding = 4; lastKnownFileType = file.xib; name = KBAInfoController.xib; path = View/SelfService/KBAInfoController.xib; sourceTree = "<group>"; };
		A8A909DD1887DEE800435343 /* KBACreditRatingDao.h */ = {isa = PBXFileReference; fileEncoding = 4; lastKnownFileType = sourcecode.c.h; name = KBACreditRatingDao.h; path = Library/DAO/KBACreditRatingDao.h; sourceTree = "<group>"; };
		A8A909DE1887E06B00435343 /* KBACreditRatingDaoDummy.h */ = {isa = PBXFileReference; fileEncoding = 4; lastKnownFileType = sourcecode.c.h; name = KBACreditRatingDaoDummy.h; path = Library/DAO/KBACreditRatingDaoDummy.h; sourceTree = "<group>"; };
		A8A909DF1887E06B00435343 /* KBACreditRatingDaoDummy.m */ = {isa = PBXFileReference; fileEncoding = 4; lastKnownFileType = sourcecode.c.objc; name = KBACreditRatingDaoDummy.m; path = Library/DAO/KBACreditRatingDaoDummy.m; sourceTree = "<group>"; };
		A8A909E11887E29500435343 /* KBACreditRatingDaoRest.h */ = {isa = PBXFileReference; fileEncoding = 4; lastKnownFileType = sourcecode.c.h; name = KBACreditRatingDaoRest.h; path = Library/DAO/KBACreditRatingDaoRest.h; sourceTree = "<group>"; };
		A8A909E21887E29500435343 /* KBACreditRatingDaoRest.m */ = {isa = PBXFileReference; fileEncoding = 4; lastKnownFileType = sourcecode.c.objc; name = KBACreditRatingDaoRest.m; path = Library/DAO/KBACreditRatingDaoRest.m; sourceTree = "<group>"; };
		A8AE9A61187BE73E00ACC653 /* KBAFinanceController.h */ = {isa = PBXFileReference; fileEncoding = 4; lastKnownFileType = sourcecode.c.h; name = KBAFinanceController.h; path = View/Finance/KBAFinanceController.h; sourceTree = "<group>"; };
		A8AE9A62187BE73E00ACC653 /* KBAFinanceController.m */ = {isa = PBXFileReference; fileEncoding = 4; lastKnownFileType = sourcecode.c.objc; name = KBAFinanceController.m; path = View/Finance/KBAFinanceController.m; sourceTree = "<group>"; };
		A8AE9A63187BE73E00ACC653 /* KBAFinanceControl.xib */ = {isa = PBXFileReference; fileEncoding = 4; lastKnownFileType = file.xib; name = KBAFinanceControl.xib; path = View/Finance/KBAFinanceControl.xib; sourceTree = "<group>"; };
		A8B6934E1885501300AD8DA3 /* KBAUISlider.h */ = {isa = PBXFileReference; fileEncoding = 4; lastKnownFileType = sourcecode.c.h; name = KBAUISlider.h; path = View/KBAUISlider.h; sourceTree = "<group>"; };
		A8B6934F1885501300AD8DA3 /* KBAUISlider.m */ = {isa = PBXFileReference; fileEncoding = 4; lastKnownFileType = sourcecode.c.objc; name = KBAUISlider.m; path = View/KBAUISlider.m; sourceTree = "<group>"; };
		A8D883141860463B006DD296 /* KBAStatemTableContr.h */ = {isa = PBXFileReference; fileEncoding = 4; lastKnownFileType = sourcecode.c.h; name = KBAStatemTableContr.h; path = View/SelfService/KBAStatemTableContr.h; sourceTree = "<group>"; };
		A8D883151860463B006DD296 /* KBAStatemTableContr.m */ = {isa = PBXFileReference; fileEncoding = 4; lastKnownFileType = sourcecode.c.objc; name = KBAStatemTableContr.m; path = View/SelfService/KBAStatemTableContr.m; sourceTree = "<group>"; };
		A8F81C7C1844B51D00E55C75 /* Account.h */ = {isa = PBXFileReference; fileEncoding = 4; lastKnownFileType = sourcecode.c.h; name = Account.h; path = Entities/Account.h; sourceTree = "<group>"; };
		A8F81C7D1844B51D00E55C75 /* Account.m */ = {isa = PBXFileReference; fileEncoding = 4; lastKnownFileType = sourcecode.c.objc; name = Account.m; path = Entities/Account.m; sourceTree = "<group>"; };
		A8F81C7E1844B51D00E55C75 /* Address.h */ = {isa = PBXFileReference; fileEncoding = 4; lastKnownFileType = sourcecode.c.h; name = Address.h; path = Entities/Address.h; sourceTree = "<group>"; };
		A8F81C7F1844B51D00E55C75 /* Address.m */ = {isa = PBXFileReference; fileEncoding = 4; lastKnownFileType = sourcecode.c.objc; name = Address.m; path = Entities/Address.m; sourceTree = "<group>"; };
		A8F81C801844B51D00E55C75 /* Branch.h */ = {isa = PBXFileReference; fileEncoding = 4; lastKnownFileType = sourcecode.c.h; name = Branch.h; path = Entities/Branch.h; sourceTree = "<group>"; };
		A8F81C811844B51D00E55C75 /* Branch.m */ = {isa = PBXFileReference; fileEncoding = 4; lastKnownFileType = sourcecode.c.objc; name = Branch.m; path = Entities/Branch.m; sourceTree = "<group>"; };
		A8F81C821844B51D00E55C75 /* CreditRating.h */ = {isa = PBXFileReference; fileEncoding = 4; lastKnownFileType = sourcecode.c.h; name = CreditRating.h; path = Entities/CreditRating.h; sourceTree = "<group>"; };
		A8F81C831844B51D00E55C75 /* CreditRating.m */ = {isa = PBXFileReference; fileEncoding = 4; lastKnownFileType = sourcecode.c.objc; name = CreditRating.m; path = Entities/CreditRating.m; sourceTree = "<group>"; };
		A8F81C841844B51D00E55C75 /* Customer.h */ = {isa = PBXFileReference; fileEncoding = 4; lastKnownFileType = sourcecode.c.h; name = Customer.h; path = Entities/Customer.h; sourceTree = "<group>"; };
		A8F81C851844B51D00E55C75 /* Customer.m */ = {isa = PBXFileReference; fileEncoding = 4; lastKnownFileType = sourcecode.c.objc; name = Customer.m; path = Entities/Customer.m; sourceTree = "<group>"; };
		A8F81C861844B51D00E55C75 /* Transaction.h */ = {isa = PBXFileReference; fileEncoding = 4; lastKnownFileType = sourcecode.c.h; name = Transaction.h; path = Entities/Transaction.h; sourceTree = "<group>"; };
		A8F81C871844B51D00E55C75 /* Transaction.m */ = {isa = PBXFileReference; fileEncoding = 4; lastKnownFileType = sourcecode.c.objc; name = Transaction.m; path = Entities/Transaction.m; sourceTree = "<group>"; };
		C10C5FBD183B877B008FAECB /* KBABranchDaoRest.h */ = {isa = PBXFileReference; fileEncoding = 4; lastKnownFileType = sourcecode.c.h; name = KBABranchDaoRest.h; path = Library/DAO/KBABranchDaoRest.h; sourceTree = "<group>"; };
		C10C5FBE183B877B008FAECB /* KBABranchDaoRest.m */ = {isa = PBXFileReference; fileEncoding = 4; lastKnownFileType = sourcecode.c.objc; name = KBABranchDaoRest.m; path = Library/DAO/KBABranchDaoRest.m; sourceTree = "<group>"; };
		C10C5FC0183B8A5A008FAECB /* KBADependencyInjector.h */ = {isa = PBXFileReference; fileEncoding = 4; lastKnownFileType = sourcecode.c.h; name = KBADependencyInjector.h; path = Library/KBADependencyInjector.h; sourceTree = "<group>"; };
		C10C5FC1183B8A5A008FAECB /* KBADependencyInjector.m */ = {isa = PBXFileReference; fileEncoding = 4; lastKnownFileType = sourcecode.c.objc; name = KBADependencyInjector.m; path = Library/KBADependencyInjector.m; sourceTree = "<group>"; };
		C10C5FC3183B8DF7008FAECB /* KBABootstrap.h */ = {isa = PBXFileReference; fileEncoding = 4; lastKnownFileType = sourcecode.c.h; path = KBABootstrap.h; sourceTree = "<group>"; };
		C10C5FC4183B8DF7008FAECB /* KBABootstrap.m */ = {isa = PBXFileReference; fileEncoding = 4; lastKnownFileType = sourcecode.c.objc; path = KBABootstrap.m; sourceTree = "<group>"; };
		C12D3480184DC4BA006EED2A /* MapKit.framework */ = {isa = PBXFileReference; lastKnownFileType = wrapper.framework; name = MapKit.framework; path = System/Library/Frameworks/MapKit.framework; sourceTree = SDKROOT; };
		C13B62F1183B7CC600207422 /* KBABranchDao.h */ = {isa = PBXFileReference; lastKnownFileType = sourcecode.c.h; name = KBABranchDao.h; path = Library/DAO/KBABranchDao.h; sourceTree = "<group>"; };
		C13B62F2183B7D0200207422 /* KBABranchDaoDummy.h */ = {isa = PBXFileReference; fileEncoding = 4; lastKnownFileType = sourcecode.c.h; name = KBABranchDaoDummy.h; path = Library/DAO/KBABranchDaoDummy.h; sourceTree = "<group>"; };
		C13B62F3183B7D0200207422 /* KBABranchDaoDummy.m */ = {isa = PBXFileReference; fileEncoding = 4; lastKnownFileType = sourcecode.c.objc; name = KBABranchDaoDummy.m; path = Library/DAO/KBABranchDaoDummy.m; sourceTree = "<group>"; };
		C152D409188E72F20011BDEB /* KBAMessageService.h */ = {isa = PBXFileReference; fileEncoding = 4; lastKnownFileType = sourcecode.c.h; name = KBAMessageService.h; path = Services/KBAMessageService.h; sourceTree = "<group>"; };
		C152D40A188E72F20011BDEB /* KBAMessageService.m */ = {isa = PBXFileReference; fileEncoding = 4; lastKnownFileType = sourcecode.c.objc; name = KBAMessageService.m; path = Services/KBAMessageService.m; sourceTree = "<group>"; };
		C16A7B77184DC9D3005DC504 /* KBAFinderController.h */ = {isa = PBXFileReference; fileEncoding = 4; lastKnownFileType = sourcecode.c.h; name = KBAFinderController.h; path = View/Finder/KBAFinderController.h; sourceTree = "<group>"; };
		C16A7B78184DC9D3005DC504 /* KBAFinderController.m */ = {isa = PBXFileReference; fileEncoding = 4; lastKnownFileType = sourcecode.c.objc; name = KBAFinderController.m; path = View/Finder/KBAFinderController.m; sourceTree = "<group>"; };
		C16A7B79184DC9D3005DC504 /* KBAFinderController.xib */ = {isa = PBXFileReference; fileEncoding = 4; lastKnownFileType = file.xib; name = KBAFinderController.xib; path = View/Finder/KBAFinderController.xib; sourceTree = "<group>"; };
		C16A7B7E184DCDAB005DC504 /* KBAStoreLocation.h */ = {isa = PBXFileReference; fileEncoding = 4; lastKnownFileType = sourcecode.c.h; name = KBAStoreLocation.h; path = View/Finder/KBAStoreLocation.h; sourceTree = "<group>"; };
		C16A7B7F184DCDAB005DC504 /* KBAStoreLocation.m */ = {isa = PBXFileReference; fileEncoding = 4; lastKnownFileType = sourcecode.c.objc; name = KBAStoreLocation.m; path = View/Finder/KBAStoreLocation.m; sourceTree = "<group>"; };
		C1704206184DF3A00019F929 /* KBAFinderService.h */ = {isa = PBXFileReference; fileEncoding = 4; lastKnownFileType = sourcecode.c.h; name = KBAFinderService.h; path = Services/Finder/KBAFinderService.h; sourceTree = "<group>"; };
		C1704207184DF3A00019F929 /* KBAFinderService.m */ = {isa = PBXFileReference; fileEncoding = 4; lastKnownFileType = sourcecode.c.objc; name = KBAFinderService.m; path = Services/Finder/KBAFinderService.m; sourceTree = "<group>"; };
		C1704209184DFE900019F929 /* KBABranchController.h */ = {isa = PBXFileReference; fileEncoding = 4; lastKnownFileType = sourcecode.c.h; name = KBABranchController.h; path = View/Finder/KBABranchController.h; sourceTree = "<group>"; };
		C170420A184DFE900019F929 /* KBABranchController.m */ = {isa = PBXFileReference; fileEncoding = 4; lastKnownFileType = sourcecode.c.objc; name = KBABranchController.m; path = View/Finder/KBABranchController.m; sourceTree = "<group>"; };
		C170420B184DFE900019F929 /* KBABranchController.xib */ = {isa = PBXFileReference; fileEncoding = 4; lastKnownFileType = file.xib; name = KBABranchController.xib; path = View/Finder/KBABranchController.xib; sourceTree = "<group>"; };
		C17AFBC6187BF9E2009C0CE9 /* KBACurrencyContr.h */ = {isa = PBXFileReference; fileEncoding = 4; lastKnownFileType = sourcecode.c.h; name = KBACurrencyContr.h; path = View/Finder/KBACurrencyContr.h; sourceTree = "<group>"; };
		C17AFBC7187BF9E2009C0CE9 /* KBACurrencyContr.m */ = {isa = PBXFileReference; fileEncoding = 4; lastKnownFileType = sourcecode.c.objc; name = KBACurrencyContr.m; path = View/Finder/KBACurrencyContr.m; sourceTree = "<group>"; };
		C17AFBC8187BF9E2009C0CE9 /* KBACurrencyContr.xib */ = {isa = PBXFileReference; fileEncoding = 4; lastKnownFileType = file.xib; name = KBACurrencyContr.xib; path = View/Finder/KBACurrencyContr.xib; sourceTree = "<group>"; };
		C17AFBCC187C1017009C0CE9 /* KBAAppointmentContr.h */ = {isa = PBXFileReference; fileEncoding = 4; lastKnownFileType = sourcecode.c.h; name = KBAAppointmentContr.h; path = View/Finder/KBAAppointmentContr.h; sourceTree = "<group>"; };
		C17AFBCD187C1017009C0CE9 /* KBAAppointmentContr.m */ = {isa = PBXFileReference; fileEncoding = 4; lastKnownFileType = sourcecode.c.objc; name = KBAAppointmentContr.m; path = View/Finder/KBAAppointmentContr.m; sourceTree = "<group>"; };
		C17AFBCE187C1017009C0CE9 /* KBAAppointmentContr.xib */ = {isa = PBXFileReference; fileEncoding = 4; lastKnownFileType = file.xib; name = KBAAppointmentContr.xib; path = View/Finder/KBAAppointmentContr.xib; sourceTree = "<group>"; };
		C1A6D4061847661A00AFB665 /* KBADashboardController.xib */ = {isa = PBXFileReference; fileEncoding = 4; lastKnownFileType = file.xib; path = KBADashboardController.xib; sourceTree = "<group>"; };
		C1F00E611844DAEB009EFE4F /* KBAViewController.h */ = {isa = PBXFileReference; fileEncoding = 4; lastKnownFileType = sourcecode.c.h; name = KBAViewController.h; path = Library/KBAViewController.h; sourceTree = "<group>"; };
		C1F00E621844DAEB009EFE4F /* KBAViewController.m */ = {isa = PBXFileReference; fileEncoding = 4; lastKnownFileType = sourcecode.c.objc; name = KBAViewController.m; path = Library/KBAViewController.m; sourceTree = "<group>"; };
		C1F00E701844E08C009EFE4F /* KBAAuthController.h */ = {isa = PBXFileReference; fileEncoding = 4; lastKnownFileType = sourcecode.c.h; name = KBAAuthController.h; path = View/Auth/KBAAuthController.h; sourceTree = "<group>"; };
		C1F00E711844E08C009EFE4F /* KBAAuthController.m */ = {isa = PBXFileReference; fileEncoding = 4; lastKnownFileType = sourcecode.c.objc; name = KBAAuthController.m; path = View/Auth/KBAAuthController.m; sourceTree = "<group>"; };
		C1F00E721844E08C009EFE4F /* KBAAuthController.xib */ = {isa = PBXFileReference; fileEncoding = 4; lastKnownFileType = file.xib; name = KBAAuthController.xib; path = View/Auth/KBAAuthController.xib; sourceTree = "<group>"; };
		C1F00E751844E0FA009EFE4F /* KBAAccountController.h */ = {isa = PBXFileReference; fileEncoding = 4; lastKnownFileType = sourcecode.c.h; name = KBAAccountController.h; path = View/Account/KBAAccountController.h; sourceTree = "<group>"; };
		C1F00E761844E0FA009EFE4F /* KBAAccountController.m */ = {isa = PBXFileReference; fileEncoding = 4; lastKnownFileType = sourcecode.c.objc; name = KBAAccountController.m; path = View/Account/KBAAccountController.m; sourceTree = "<group>"; };
		C1F00E771844E0FA009EFE4F /* KBAAccountController.xib */ = {isa = PBXFileReference; fileEncoding = 4; lastKnownFileType = file.xib; name = KBAAccountController.xib; path = View/Account/KBAAccountController.xib; sourceTree = "<group>"; };
		C1F12CB8185742EB001AA21E /* KBAExchangeRateDaoRest.h */ = {isa = PBXFileReference; fileEncoding = 4; lastKnownFileType = sourcecode.c.h; name = KBAExchangeRateDaoRest.h; path = Library/DAO/KBAExchangeRateDaoRest.h; sourceTree = "<group>"; };
		C1F12CB9185742EB001AA21E /* KBAExchangeRateDaoRest.m */ = {isa = PBXFileReference; fileEncoding = 4; lastKnownFileType = sourcecode.c.objc; name = KBAExchangeRateDaoRest.m; path = Library/DAO/KBAExchangeRateDaoRest.m; sourceTree = "<group>"; };
		C1F12CBB18574377001AA21E /* KBAExchangeRateDao.h */ = {isa = PBXFileReference; lastKnownFileType = sourcecode.c.h; name = KBAExchangeRateDao.h; path = Library/DAO/KBAExchangeRateDao.h; sourceTree = "<group>"; };
		C1F12CBF1857499F001AA21E /* Currency.h */ = {isa = PBXFileReference; fileEncoding = 4; lastKnownFileType = sourcecode.c.h; name = Currency.h; path = Entities/Currency.h; sourceTree = "<group>"; };
		C1F12CC01857499F001AA21E /* Currency.m */ = {isa = PBXFileReference; fileEncoding = 4; lastKnownFileType = sourcecode.c.objc; name = Currency.m; path = Entities/Currency.m; sourceTree = "<group>"; };
		D929E545185093B1008FC26E /* OpenHour.h */ = {isa = PBXFileReference; fileEncoding = 4; lastKnownFileType = sourcecode.c.h; name = OpenHour.h; path = Entities/OpenHour.h; sourceTree = "<group>"; };
		D929E546185093B1008FC26E /* OpenHour.m */ = {isa = PBXFileReference; fileEncoding = 4; lastKnownFileType = sourcecode.c.objc; name = OpenHour.m; path = Entities/OpenHour.m; sourceTree = "<group>"; };
		D93C6A0B1859D8E90004E51A /* KBADocContr.h */ = {isa = PBXFileReference; fileEncoding = 4; lastKnownFileType = sourcecode.c.h; name = KBADocContr.h; path = View/SelfService/KBADocContr.h; sourceTree = "<group>"; };
		D93C6A0C1859D8E90004E51A /* KBADocContr.m */ = {isa = PBXFileReference; fileEncoding = 4; lastKnownFileType = sourcecode.c.objc; name = KBADocContr.m; path = View/SelfService/KBADocContr.m; sourceTree = "<group>"; };
		D93C6A0D1859D8E90004E51A /* KBADocContr.xib */ = {isa = PBXFileReference; fileEncoding = 4; lastKnownFileType = file.xib; name = KBADocContr.xib; path = View/SelfService/KBADocContr.xib; sourceTree = "<group>"; };
		D93C6A0E1859D8E90004E51A /* KBADocTableContr.h */ = {isa = PBXFileReference; fileEncoding = 4; lastKnownFileType = sourcecode.c.h; name = KBADocTableContr.h; path = View/SelfService/KBADocTableContr.h; sourceTree = "<group>"; };
		D93C6A0F1859D8E90004E51A /* KBADocTableContr.m */ = {isa = PBXFileReference; fileEncoding = 4; lastKnownFileType = sourcecode.c.objc; name = KBADocTableContr.m; path = View/SelfService/KBADocTableContr.m; sourceTree = "<group>"; };
		D93C6A101859D8E90004E51A /* KBASelfServContr.h */ = {isa = PBXFileReference; fileEncoding = 4; lastKnownFileType = sourcecode.c.h; name = KBASelfServContr.h; path = View/SelfService/KBASelfServContr.h; sourceTree = "<group>"; };
		D93C6A111859D8E90004E51A /* KBASelfServContr.m */ = {isa = PBXFileReference; fileEncoding = 4; lastKnownFileType = sourcecode.c.objc; name = KBASelfServContr.m; path = View/SelfService/KBASelfServContr.m; sourceTree = "<group>"; };
		D93C6A121859D8E90004E51A /* KBASelfServContr.xib */ = {isa = PBXFileReference; fileEncoding = 4; lastKnownFileType = file.xib; name = KBASelfServContr.xib; path = View/SelfService/KBASelfServContr.xib; sourceTree = "<group>"; };
		D93C6A131859D8E90004E51A /* KBAStatemContr.h */ = {isa = PBXFileReference; fileEncoding = 4; lastKnownFileType = sourcecode.c.h; name = KBAStatemContr.h; path = View/SelfService/KBAStatemContr.h; sourceTree = "<group>"; };
		D93C6A141859D8E90004E51A /* KBAStatemContr.m */ = {isa = PBXFileReference; fileEncoding = 4; lastKnownFileType = sourcecode.c.objc; name = KBAStatemContr.m; path = View/SelfService/KBAStatemContr.m; sourceTree = "<group>"; };
		D93C6A151859D8E90004E51A /* KBAStatemContr.xib */ = {isa = PBXFileReference; fileEncoding = 4; lastKnownFileType = file.xib; name = KBAStatemContr.xib; path = View/SelfService/KBAStatemContr.xib; sourceTree = "<group>"; };
		D93C6A1A1859D8E90004E51A /* KBATransContr.h */ = {isa = PBXFileReference; fileEncoding = 4; lastKnownFileType = sourcecode.c.h; name = KBATransContr.h; path = View/SelfService/KBATransContr.h; sourceTree = "<group>"; };
		D93C6A1B1859D8E90004E51A /* KBATransContr.m */ = {isa = PBXFileReference; fileEncoding = 4; lastKnownFileType = sourcecode.c.objc; name = KBATransContr.m; path = View/SelfService/KBATransContr.m; sourceTree = "<group>"; };
		D93C6A1C1859D8E90004E51A /* KBATransContr.xib */ = {isa = PBXFileReference; fileEncoding = 4; lastKnownFileType = file.xib; name = KBATransContr.xib; path = View/SelfService/KBATransContr.xib; sourceTree = "<group>"; };
		D93C6A1D1859D8E90004E51A /* KBATransTableContr.h */ = {isa = PBXFileReference; fileEncoding = 4; lastKnownFileType = sourcecode.c.h; name = KBATransTableContr.h; path = View/SelfService/KBATransTableContr.h; sourceTree = "<group>"; };
		D93C6A1E1859D8E90004E51A /* KBATransTableContr.m */ = {isa = PBXFileReference; fileEncoding = 4; lastKnownFileType = sourcecode.c.objc; name = KBATransTableContr.m; path = View/SelfService/KBATransTableContr.m; sourceTree = "<group>"; };
		D93C6A2C1859D94A0004E51A /* AccountService.h */ = {isa = PBXFileReference; fileEncoding = 4; lastKnownFileType = sourcecode.c.h; name = AccountService.h; path = Services/AccountService.h; sourceTree = "<group>"; };
		D93C6A2D1859D94A0004E51A /* AccountService.m */ = {isa = PBXFileReference; fileEncoding = 4; lastKnownFileType = sourcecode.c.objc; name = AccountService.m; path = Services/AccountService.m; sourceTree = "<group>"; };
		D93C6A2E1859D94A0004E51A /* BranchService.h */ = {isa = PBXFileReference; fileEncoding = 4; lastKnownFileType = sourcecode.c.h; name = BranchService.h; path = Services/BranchService.h; sourceTree = "<group>"; };
		D93C6A2F1859D94A0004E51A /* BranchService.m */ = {isa = PBXFileReference; fileEncoding = 4; lastKnownFileType = sourcecode.c.objc; name = BranchService.m; path = Services/BranchService.m; sourceTree = "<group>"; };
		D93C6A301859D94A0004E51A /* KBAAuth.h */ = {isa = PBXFileReference; fileEncoding = 4; lastKnownFileType = sourcecode.c.h; name = KBAAuth.h; path = Services/KBAAuth.h; sourceTree = "<group>"; };
		D93C6A311859D94A0004E51A /* KBAAuth.m */ = {isa = PBXFileReference; fileEncoding = 4; lastKnownFileType = sourcecode.c.objc; name = KBAAuth.m; path = Services/KBAAuth.m; sourceTree = "<group>"; };
		D93C6A321859D94A0004E51A /* KBACustomerService.h */ = {isa = PBXFileReference; fileEncoding = 4; lastKnownFileType = sourcecode.c.h; name = KBACustomerService.h; path = Services/KBACustomerService.h; sourceTree = "<group>"; };
		D93C6A331859D94A0004E51A /* KBACustomerService.m */ = {isa = PBXFileReference; fileEncoding = 4; lastKnownFileType = sourcecode.c.objc; name = KBACustomerService.m; path = Services/KBACustomerService.m; sourceTree = "<group>"; };
		D93C6A3D1859DA800004E51A /* KBAAccountDao.h */ = {isa = PBXFileReference; fileEncoding = 4; lastKnownFileType = sourcecode.c.h; name = KBAAccountDao.h; path = Library/DAO/KBAAccountDao.h; sourceTree = "<group>"; };
		D93C6A3E1859DA800004E51A /* KBAAccountDaoDummy.h */ = {isa = PBXFileReference; fileEncoding = 4; lastKnownFileType = sourcecode.c.h; name = KBAAccountDaoDummy.h; path = Library/DAO/KBAAccountDaoDummy.h; sourceTree = "<group>"; };
		D93C6A3F1859DA800004E51A /* KBAAccountDaoDummy.m */ = {isa = PBXFileReference; fileEncoding = 4; lastKnownFileType = sourcecode.c.objc; name = KBAAccountDaoDummy.m; path = Library/DAO/KBAAccountDaoDummy.m; sourceTree = "<group>"; };
		D93C6A401859DA800004E51A /* KBAAccountDaoRest.h */ = {isa = PBXFileReference; fileEncoding = 4; lastKnownFileType = sourcecode.c.h; name = KBAAccountDaoRest.h; path = Library/DAO/KBAAccountDaoRest.h; sourceTree = "<group>"; };
		D93C6A411859DA800004E51A /* KBAAccountDaoRest.m */ = {isa = PBXFileReference; fileEncoding = 4; lastKnownFileType = sourcecode.c.objc; name = KBAAccountDaoRest.m; path = Library/DAO/KBAAccountDaoRest.m; sourceTree = "<group>"; };
		D93C6A421859DA800004E51A /* KBACustomerDao.h */ = {isa = PBXFileReference; fileEncoding = 4; lastKnownFileType = sourcecode.c.h; name = KBACustomerDao.h; path = Library/DAO/KBACustomerDao.h; sourceTree = "<group>"; };
		D93C6A431859DA800004E51A /* KBACustomerDaoDummy.h */ = {isa = PBXFileReference; fileEncoding = 4; lastKnownFileType = sourcecode.c.h; name = KBACustomerDaoDummy.h; path = Library/DAO/KBACustomerDaoDummy.h; sourceTree = "<group>"; };
		D93C6A441859DA800004E51A /* KBACustomerDaoDummy.m */ = {isa = PBXFileReference; fileEncoding = 4; lastKnownFileType = sourcecode.c.objc; name = KBACustomerDaoDummy.m; path = Library/DAO/KBACustomerDaoDummy.m; sourceTree = "<group>"; };
		D93C6A451859DA800004E51A /* KBACustomerDaoRest.h */ = {isa = PBXFileReference; fileEncoding = 4; lastKnownFileType = sourcecode.c.h; name = KBACustomerDaoRest.h; path = Library/DAO/KBACustomerDaoRest.h; sourceTree = "<group>"; };
		D93C6A461859DA800004E51A /* KBACustomerDaoRest.m */ = {isa = PBXFileReference; fileEncoding = 4; lastKnownFileType = sourcecode.c.objc; name = KBACustomerDaoRest.m; path = Library/DAO/KBACustomerDaoRest.m; sourceTree = "<group>"; };
		D93C6A4B1859E5170004E51A /* User.h */ = {isa = PBXFileReference; fileEncoding = 4; lastKnownFileType = sourcecode.c.h; name = User.h; path = Entities/User.h; sourceTree = "<group>"; };
		D93C6A4C1859E5170004E51A /* User.m */ = {isa = PBXFileReference; fileEncoding = 4; lastKnownFileType = sourcecode.c.objc; name = User.m; path = Entities/User.m; sourceTree = "<group>"; };
		D93C6A4E1859E5F50004E51A /* Consultant.h */ = {isa = PBXFileReference; fileEncoding = 4; lastKnownFileType = sourcecode.c.h; name = Consultant.h; path = Entities/Consultant.h; sourceTree = "<group>"; };
		D93C6A4F1859E5F50004E51A /* Consultant.m */ = {isa = PBXFileReference; fileEncoding = 4; lastKnownFileType = sourcecode.c.objc; name = Consultant.m; path = Entities/Consultant.m; sourceTree = "<group>"; };
/* End PBXFileReference section */

/* Begin PBXFrameworksBuildPhase section */
		342322DA1837B9FD00618D7E /* Frameworks */ = {
			isa = PBXFrameworksBuildPhase;
			buildActionMask = 2147483647;
			files = (
				C12D3481184DC4BA006EED2A /* MapKit.framework in Frameworks */,
				342322E31837B9FD00618D7E /* CoreGraphics.framework in Frameworks */,
				342322E51837B9FD00618D7E /* UIKit.framework in Frameworks */,
				342322E11837B9FD00618D7E /* Foundation.framework in Frameworks */,
			);
			runOnlyForDeploymentPostprocessing = 0;
		};
		342322FE1837B9FD00618D7E /* Frameworks */ = {
			isa = PBXFrameworksBuildPhase;
			buildActionMask = 2147483647;
			files = (
				342323031837B9FD00618D7E /* XCTest.framework in Frameworks */,
				342323051837B9FD00618D7E /* UIKit.framework in Frameworks */,
				342323041837B9FD00618D7E /* Foundation.framework in Frameworks */,
			);
			runOnlyForDeploymentPostprocessing = 0;
		};
/* End PBXFrameworksBuildPhase section */

/* Begin PBXGroup section */
		0A893761183BA0BE003495A4 /* Dashboard */ = {
			isa = PBXGroup;
			children = (
				0A893762183BA118003495A4 /* KBADashboardController.h */,
				0A893763183BA118003495A4 /* KBADashboardController.m */,
				C1A6D4061847661A00AFB665 /* KBADashboardController.xib */,
			);
			name = Dashboard;
			sourceTree = "<group>";
		};
		0AAD7958184DBEF6002B1D0B /* SelfService */ = {
			isa = PBXGroup;
			children = (
				D93C6A111859D8E90004E51A /* KBASelfServContr.m */,
				D93C6A101859D8E90004E51A /* KBASelfServContr.h */,
				D93C6A121859D8E90004E51A /* KBASelfServContr.xib */,
				A8A5A268188E618B0055B18C /* KBAInfoController.h */,
				A8A5A269188E618B0055B18C /* KBAInfoController.m */,
				A8A5A26A188E618B0055B18C /* KBAInfoController.xib */,
				D93C6A1D1859D8E90004E51A /* KBATransTableContr.h */,
				D93C6A1E1859D8E90004E51A /* KBATransTableContr.m */,
				D93C6A0E1859D8E90004E51A /* KBADocTableContr.h */,
				D93C6A0F1859D8E90004E51A /* KBADocTableContr.m */,
				A8D883141860463B006DD296 /* KBAStatemTableContr.h */,
				A8D883151860463B006DD296 /* KBAStatemTableContr.m */,
				2174A5E2185A6CB80055C35F /* Transactions */,
				D93C6A0B1859D8E90004E51A /* KBADocContr.h */,
				D93C6A0C1859D8E90004E51A /* KBADocContr.m */,
				D93C6A0D1859D8E90004E51A /* KBADocContr.xib */,
				D93C6A131859D8E90004E51A /* KBAStatemContr.h */,
				D93C6A141859D8E90004E51A /* KBAStatemContr.m */,
				D93C6A151859D8E90004E51A /* KBAStatemContr.xib */,
			);
			name = SelfService;
			sourceTree = "<group>";
		};
		0AAEEE2A187BE9BA00C1F767 /* Custom - GUI */ = {
			isa = PBXGroup;
			children = (
				21BB5D19187D5FC400460EE9 /* JVFloatLabeledTextField.h */,
				21BB5D1B187D5FC400460EE9 /* JVFloatLabeledTextField.m */,
				2139AC5D18610DB0008FB712 /* KBAFlatDatePicker.h */,
				2139AC5E18610DB0008FB712 /* KBAFlatDatePicker.m */,
				0AAEEE2B187BED9F00C1F767 /* SVProgressHUD.h */,
				0AAEEE2C187BED9F00C1F767 /* SVProgressHUD.m */,
				0AAEEE2D187BED9F00C1F767 /* SVProgressHUDViewController.h */,
				0AAEEE2E187BED9F00C1F767 /* SVProgressHUDViewController.m */,
				213BC4721889E5F300E12598 /* KBAAlertView.h */,
				213BC4731889E5F300E12598 /* KBAAlertView.m */,
				0AAEEE32187C173500C1F767 /* SVProgressHUD.bundle */,
			);
			name = "Custom - GUI";
			sourceTree = "<group>";
		};
		0ACCD53E18857D5F00EB05BE /* About */ = {
			isa = PBXGroup;
			children = (
				0ACCD53F18857D8200EB05BE /* KBAAbout.h */,
				0ACCD54018857D8200EB05BE /* KBAAbout.m */,
				0ACCD54118857D8200EB05BE /* KBAAbout.xib */,
			);
			name = About;
			sourceTree = "<group>";
		};
		0AF730F01887D48E00733AB2 /* Private */ = {
			isa = PBXGroup;
			children = (
				0AF730F11887D4C600733AB2 /* KBAPrivateController.h */,
				0AF730F21887D4C600733AB2 /* KBAPrivateController.m */,
				0AF730F31887D4C600733AB2 /* KBAPrivateController.xib */,
				0A0A66C91888071A00A74AA4 /* KBAMessageController.h */,
				0A0A66CA1888071A00A74AA4 /* KBAMessageController.m */,
				0A0A66CB1888071A00A74AA4 /* KBAMessageController.xib */,
			);
			name = Private;
			sourceTree = "<group>";
		};
		2174A5E2185A6CB80055C35F /* Transactions */ = {
			isa = PBXGroup;
			children = (
				D93C6A1A1859D8E90004E51A /* KBATransContr.h */,
				D93C6A1B1859D8E90004E51A /* KBATransContr.m */,
				D93C6A1C1859D8E90004E51A /* KBATransContr.xib */,
				2139AC6018610DD3008FB712 /* KBAChooseAccountTableContr.xib */,
				2139AC6218610DF1008FB712 /* KBAChooseAccountTableContr.m */,
				2139AC6418610E00008FB712 /* KBAChooseAccountTableContr.h */,
			);
			name = Transactions;
			sourceTree = "<group>";
		};
		3407E8CD1838F9320045C014 /* Library */ = {
			isa = PBXGroup;
			children = (
				C13B62EF183B7C8C00207422 /* DAO */,
				3407E8DD1838FA790045C014 /* README.md */,
				C10C5FC0183B8A5A008FAECB /* KBADependencyInjector.h */,
				C10C5FC1183B8A5A008FAECB /* KBADependencyInjector.m */,
				C1F00E611844DAEB009EFE4F /* KBAViewController.h */,
				C1F00E621844DAEB009EFE4F /* KBAViewController.m */,
				344029EA1860773D008B31A2 /* KBAColorHelper.h */,
			);
			name = Library;
			sourceTree = "<group>";
		};
		3407E8CE1838F93C0045C014 /* Services */ = {
			isa = PBXGroup;
			children = (
				D93C6A2C1859D94A0004E51A /* AccountService.h */,
				D93C6A2D1859D94A0004E51A /* AccountService.m */,
				D93C6A2E1859D94A0004E51A /* BranchService.h */,
				D93C6A2F1859D94A0004E51A /* BranchService.m */,
				D93C6A301859D94A0004E51A /* KBAAuth.h */,
				D93C6A311859D94A0004E51A /* KBAAuth.m */,
				D93C6A321859D94A0004E51A /* KBACustomerService.h */,
				D93C6A331859D94A0004E51A /* KBACustomerService.m */,
				C152D409188E72F20011BDEB /* KBAMessageService.h */,
				C152D40A188E72F20011BDEB /* KBAMessageService.m */,
				C1704205184DF2F90019F929 /* Finder */,
				3407E8DB1838FA420045C014 /* README.md */,
			);
			name = Services;
			sourceTree = "<group>";
		};
		3407E8CF1838F9400045C014 /* View */ = {
			isa = PBXGroup;
			children = (
				0AF730F01887D48E00733AB2 /* Private */,
				0ACCD53E18857D5F00EB05BE /* About */,
				A8AE9A5B187BE3A700ACC653 /* Finance */,
				C12D347A184DC2D3006EED2A /* Finder */,
				0AAD7958184DBEF6002B1D0B /* SelfService */,
				C1F00E6F1844E047009EFE4F /* Auth */,
				3407E8D91838FA200045C014 /* README.md */,
				C1F00E6E1844E03D009EFE4F /* Account */,
				0A893761183BA0BE003495A4 /* Dashboard */,
				0AAEEE2A187BE9BA00C1F767 /* Custom - GUI */,
				3407E8E61838FD110045C014 /* KBAMasterViewController.h */,
				0A57965E187EC43D005EFC73 /* KBAUISegmentedControl.h */,
				0A57965F187EC43D005EFC73 /* KBAUISegmentedControl.m */,
				3407E8E71838FD110045C014 /* KBAMasterViewController.m */,
				21F8EE87187DFA1D00025C42 /* KBAButton.h */,
				21F8EE88187DFA1D00025C42 /* KBAButton.m */,
				0AA94D8B188543D1001D1465 /* KBAAuthFailPopupController.h */,
				0AA94D8C188543D1001D1465 /* KBAAuthFailPopupController.m */,
				0AA94D8D188543D1001D1465 /* KBAAuthFailPopupController.xib */,
				0A433FF31885575A00F1DF5E /* KBAAuthSuccessPopController.h */,
				0A433FF41885575A00F1DF5E /* KBAAuthSuccessPopController.m */,
				0A433FF51885575A00F1DF5E /* KBAAuthSuccessPopController.xib */,
				A8B6934E1885501300AD8DA3 /* KBAUISlider.h */,
				A8B6934F1885501300AD8DA3 /* KBAUISlider.m */,
				21BBE56218895E350014DCF2 /* TPKeyboardAvoidingScrollView.h */,
				21BBE56418895E350014DCF2 /* TPKeyboardAvoidingScrollView.m */,
				21BBE56318895E350014DCF2 /* UIScrollView+TPKeyboardAvoidingAdditions.h */,
				21BBE56518895E350014DCF2 /* UIScrollView+TPKeyboardAvoidingAdditions.m */,
			);
			name = View;
			sourceTree = "<group>";
		};
		3407E8DF1838FA950045C014 /* Entities */ = {
			isa = PBXGroup;
			children = (
				D93C6A4B1859E5170004E51A /* User.h */,
				D93C6A4C1859E5170004E51A /* User.m */,
				A8F81C7C1844B51D00E55C75 /* Account.h */,
				A8F81C7D1844B51D00E55C75 /* Account.m */,
				A8F81C7E1844B51D00E55C75 /* Address.h */,
				A8F81C7F1844B51D00E55C75 /* Address.m */,
				A8F81C801844B51D00E55C75 /* Branch.h */,
				A8F81C811844B51D00E55C75 /* Branch.m */,
				A8F81C821844B51D00E55C75 /* CreditRating.h */,
				A8F81C831844B51D00E55C75 /* CreditRating.m */,
				A8F81C841844B51D00E55C75 /* Customer.h */,
				A8F81C851844B51D00E55C75 /* Customer.m */,
				A8F81C861844B51D00E55C75 /* Transaction.h */,
				A8F81C871844B51D00E55C75 /* Transaction.m */,
				D929E545185093B1008FC26E /* OpenHour.h */,
				D929E546185093B1008FC26E /* OpenHour.m */,
				C1F12CBF1857499F001AA21E /* Currency.h */,
				C1F12CC01857499F001AA21E /* Currency.m */,
				D93C6A4E1859E5F50004E51A /* Consultant.h */,
				D93C6A4F1859E5F50004E51A /* Consultant.m */,
				0AF730F61887D9C100733AB2 /* Message.h */,
				0AF730F71887D9C100733AB2 /* Message.m */,
			);
			name = Entities;
			sourceTree = "<group>";
		};
		342322D41837B9FD00618D7E = {
			isa = PBXGroup;
			children = (
				34199A8918417A6F00F574D5 /* Documentation */,
				34199A871841710C00F574D5 /* Assets */,
				3407E8CC1837BDA20045C014 /* README.md */,
				3407E8CB1837BD980045C014 /* LICENSE */,
				342322E61837B9FD00618D7E /* Kiba */,
				342323081837B9FD00618D7E /* KibaTests */,
				342322DF1837B9FD00618D7E /* Frameworks */,
				342322DE1837B9FD00618D7E /* Products */,
			);
			sourceTree = "<group>";
		};
		342322DE1837B9FD00618D7E /* Products */ = {
			isa = PBXGroup;
			children = (
				342322DD1837B9FD00618D7E /* Kiba.app */,
				342323011837B9FD00618D7E /* KibaTests.xctest */,
			);
			name = Products;
			sourceTree = "<group>";
		};
		342322DF1837B9FD00618D7E /* Frameworks */ = {
			isa = PBXGroup;
			children = (
				C12D3480184DC4BA006EED2A /* MapKit.framework */,
				342322E01837B9FD00618D7E /* Foundation.framework */,
				342322E21837B9FD00618D7E /* CoreGraphics.framework */,
				342322E41837B9FD00618D7E /* UIKit.framework */,
				342323021837B9FD00618D7E /* XCTest.framework */,
			);
			name = Frameworks;
			sourceTree = "<group>";
		};
		342322E61837B9FD00618D7E /* Kiba */ = {
			isa = PBXGroup;
			children = (
				3407E8DF1838FA950045C014 /* Entities */,
				3407E8CF1838F9400045C014 /* View */,
				3407E8CE1838F93C0045C014 /* Services */,
				3407E8CD1838F9320045C014 /* Library */,
				342322EF1837B9FD00618D7E /* KBAAppDelegate.h */,
				342322F01837B9FD00618D7E /* KBAAppDelegate.m */,
				C10C5FC3183B8DF7008FAECB /* KBABootstrap.h */,
				C10C5FC4183B8DF7008FAECB /* KBABootstrap.m */,
				342322F21837B9FD00618D7E /* Main.storyboard */,
				342322FB1837B9FD00618D7E /* Images.xcassets */,
				342322E71837B9FD00618D7E /* Supporting Files */,
			);
			path = Kiba;
			sourceTree = "<group>";
		};
		342322E71837B9FD00618D7E /* Supporting Files */ = {
			isa = PBXGroup;
			children = (
				34F3B62E185B8D27003E8040 /* OCR A Std.ttf */,
				342322E81837B9FD00618D7E /* Kiba-Info.plist */,
				342322E91837B9FD00618D7E /* InfoPlist.strings */,
				342322EC1837B9FD00618D7E /* main.m */,
				342322EE1837B9FD00618D7E /* Kiba-Prefix.pch */,
			);
			name = "Supporting Files";
			sourceTree = "<group>";
		};
		342323081837B9FD00618D7E /* KibaTests */ = {
			isa = PBXGroup;
			children = (
				3423230E1837B9FD00618D7E /* KibaTests.m */,
				342323091837B9FD00618D7E /* Supporting Files */,
			);
			path = KibaTests;
			sourceTree = "<group>";
		};
		342323091837B9FD00618D7E /* Supporting Files */ = {
			isa = PBXGroup;
			children = (
				3423230A1837B9FD00618D7E /* KibaTests-Info.plist */,
				3423230B1837B9FD00618D7E /* InfoPlist.strings */,
			);
			name = "Supporting Files";
			sourceTree = "<group>";
		};
		A8AE9A5B187BE3A700ACC653 /* Finance */ = {
			isa = PBXGroup;
			children = (
				A8AE9A61187BE73E00ACC653 /* KBAFinanceController.h */,
				A8AE9A62187BE73E00ACC653 /* KBAFinanceController.m */,
				A83F99A7187ECB5B001E3F5B /* KBAFinanceController.xib */,
				A8AE9A63187BE73E00ACC653 /* KBAFinanceControl.xib */,
			);
			name = Finance;
			sourceTree = "<group>";
		};
		C12D347A184DC2D3006EED2A /* Finder */ = {
			isa = PBXGroup;
			children = (
				C16A7B77184DC9D3005DC504 /* KBAFinderController.h */,
				C16A7B78184DC9D3005DC504 /* KBAFinderController.m */,
				C16A7B79184DC9D3005DC504 /* KBAFinderController.xib */,
				C16A7B7E184DCDAB005DC504 /* KBAStoreLocation.h */,
				C16A7B7F184DCDAB005DC504 /* KBAStoreLocation.m */,
				C1704209184DFE900019F929 /* KBABranchController.h */,
				C170420A184DFE900019F929 /* KBABranchController.m */,
				C170420B184DFE900019F929 /* KBABranchController.xib */,
				C17AFBCB187C0F3D009C0CE9 /* Popover */,
			);
			name = Finder;
			sourceTree = "<group>";
		};
		C13B62EF183B7C8C00207422 /* DAO */ = {
			isa = PBXGroup;
			children = (
				D93C6A3D1859DA800004E51A /* KBAAccountDao.h */,
				D93C6A3E1859DA800004E51A /* KBAAccountDaoDummy.h */,
				D93C6A3F1859DA800004E51A /* KBAAccountDaoDummy.m */,
				D93C6A401859DA800004E51A /* KBAAccountDaoRest.h */,
				D93C6A411859DA800004E51A /* KBAAccountDaoRest.m */,
				D93C6A421859DA800004E51A /* KBACustomerDao.h */,
				D93C6A431859DA800004E51A /* KBACustomerDaoDummy.h */,
				D93C6A441859DA800004E51A /* KBACustomerDaoDummy.m */,
				D93C6A451859DA800004E51A /* KBACustomerDaoRest.h */,
				D93C6A461859DA800004E51A /* KBACustomerDaoRest.m */,
				C13B62F1183B7CC600207422 /* KBABranchDao.h */,
				C13B62F2183B7D0200207422 /* KBABranchDaoDummy.h */,
				C13B62F3183B7D0200207422 /* KBABranchDaoDummy.m */,
				C10C5FBD183B877B008FAECB /* KBABranchDaoRest.h */,
				C10C5FBE183B877B008FAECB /* KBABranchDaoRest.m */,
				C1F12CBB18574377001AA21E /* KBAExchangeRateDao.h */,
				C1F12CB8185742EB001AA21E /* KBAExchangeRateDaoRest.h */,
				C1F12CB9185742EB001AA21E /* KBAExchangeRateDaoRest.m */,
				A8610F161860830600E3093E /* KBATransactionDaoDummy.h */,
				A8610F171860830600E3093E /* KBATransactionDaoDummy.m */,
				A8610F1D1860934500E3093E /* KBATransactionDaoRest.h */,
				A8610F1E1860934500E3093E /* KBATransactionDaoRest.m */,
				A8610F1C1860847900E3093E /* KBATransactionDao.h */,
				A8A909DD1887DEE800435343 /* KBACreditRatingDao.h */,
				A8A909DE1887E06B00435343 /* KBACreditRatingDaoDummy.h */,
				A8A909DF1887E06B00435343 /* KBACreditRatingDaoDummy.m */,
				A8A909E11887E29500435343 /* KBACreditRatingDaoRest.h */,
				A8A909E21887E29500435343 /* KBACreditRatingDaoRest.m */,
				0AF730F91887DF8B00733AB2 /* KBAMessageDao.h */,
				0AF730FA1887E07900733AB2 /* KBAMessageDaoDummy.h */,
				0AF730FB1887E07900733AB2 /* KBAMessageDaoDummy.m */,
				0AF730FD1887E10C00733AB2 /* KBAMessageDaoRest.h */,
				0AF730FE1887E10C00733AB2 /* KBAMessageDaoRest.m */,
			);
			name = DAO;
			sourceTree = "<group>";
		};
		C1704205184DF2F90019F929 /* Finder */ = {
			isa = PBXGroup;
			children = (
				C1704206184DF3A00019F929 /* KBAFinderService.h */,
				C1704207184DF3A00019F929 /* KBAFinderService.m */,
			);
			name = Finder;
			sourceTree = "<group>";
		};
		C17AFBCB187C0F3D009C0CE9 /* Popover */ = {
			isa = PBXGroup;
			children = (
				C17AFBC6187BF9E2009C0CE9 /* KBACurrencyContr.h */,
				C17AFBC7187BF9E2009C0CE9 /* KBACurrencyContr.m */,
				C17AFBC8187BF9E2009C0CE9 /* KBACurrencyContr.xib */,
				C17AFBCC187C1017009C0CE9 /* KBAAppointmentContr.h */,
				C17AFBCD187C1017009C0CE9 /* KBAAppointmentContr.m */,
				C17AFBCE187C1017009C0CE9 /* KBAAppointmentContr.xib */,
			);
			name = Popover;
			sourceTree = "<group>";
		};
		C1F00E6E1844E03D009EFE4F /* Account */ = {
			isa = PBXGroup;
			children = (
				C1F00E751844E0FA009EFE4F /* KBAAccountController.h */,
				C1F00E761844E0FA009EFE4F /* KBAAccountController.m */,
				C1F00E771844E0FA009EFE4F /* KBAAccountController.xib */,
			);
			name = Account;
			sourceTree = "<group>";
		};
		C1F00E6F1844E047009EFE4F /* Auth */ = {
			isa = PBXGroup;
			children = (
				C1F00E701844E08C009EFE4F /* KBAAuthController.h */,
				C1F00E711844E08C009EFE4F /* KBAAuthController.m */,
				C1F00E721844E08C009EFE4F /* KBAAuthController.xib */,
				0AABAA2D187E892B00E067EE /* KBAAuthAdvantagesController.h */,
				0AABAA2E187E892B00E067EE /* KBAAuthAdvantagesController.m */,
				0AABAA2F187E892B00E067EE /* KBAAuthAdvantagesController.xib */,
			);
			name = Auth;
			sourceTree = "<group>";
		};
/* End PBXGroup section */

/* Begin PBXNativeTarget section */
		342322DC1837B9FD00618D7E /* Kiba */ = {
			isa = PBXNativeTarget;
			buildConfigurationList = 342323121837B9FD00618D7E /* Build configuration list for PBXNativeTarget "Kiba" */;
			buildPhases = (
				342322D91837B9FD00618D7E /* Sources */,
				342322DA1837B9FD00618D7E /* Frameworks */,
				342322DB1837B9FD00618D7E /* Resources */,
			);
			buildRules = (
			);
			dependencies = (
			);
			name = Kiba;
			productName = Kiba;
			productReference = 342322DD1837B9FD00618D7E /* Kiba.app */;
			productType = "com.apple.product-type.application";
		};
		342323001837B9FD00618D7E /* KibaTests */ = {
			isa = PBXNativeTarget;
			buildConfigurationList = 342323151837B9FD00618D7E /* Build configuration list for PBXNativeTarget "KibaTests" */;
			buildPhases = (
				342322FD1837B9FD00618D7E /* Sources */,
				342322FE1837B9FD00618D7E /* Frameworks */,
				342322FF1837B9FD00618D7E /* Resources */,
			);
			buildRules = (
			);
			dependencies = (
				342323071837B9FD00618D7E /* PBXTargetDependency */,
			);
			name = KibaTests;
			productName = KibaTests;
			productReference = 342323011837B9FD00618D7E /* KibaTests.xctest */;
			productType = "com.apple.product-type.bundle.unit-test";
		};
/* End PBXNativeTarget section */

/* Begin PBXProject section */
		342322D51837B9FD00618D7E /* Project object */ = {
			isa = PBXProject;
			attributes = {
				CLASSPREFIX = KBA;
				LastUpgradeCheck = 0500;
				ORGANIZATIONNAME = "KiBa App";
				TargetAttributes = {
					342323001837B9FD00618D7E = {
						TestTargetID = 342322DC1837B9FD00618D7E;
					};
				};
			};
			buildConfigurationList = 342322D81837B9FD00618D7E /* Build configuration list for PBXProject "Kiba" */;
			compatibilityVersion = "Xcode 3.2";
			developmentRegion = English;
			hasScannedForEncodings = 0;
			knownRegions = (
				en,
				Base,
			);
			mainGroup = 342322D41837B9FD00618D7E;
			productRefGroup = 342322DE1837B9FD00618D7E /* Products */;
			projectDirPath = "";
			projectRoot = "";
			targets = (
				342322DC1837B9FD00618D7E /* Kiba */,
				342323001837B9FD00618D7E /* KibaTests */,
			);
		};
/* End PBXProject section */

/* Begin PBXResourcesBuildPhase section */
		342322DB1837B9FD00618D7E /* Resources */ = {
			isa = PBXResourcesBuildPhase;
			buildActionMask = 2147483647;
			files = (
				0A433FF71885575A00F1DF5E /* KBAAuthSuccessPopController.xib in Resources */,
				34199A881841710C00F574D5 /* Assets in Resources */,
				C1F00E791844E0FA009EFE4F /* KBAAccountController.xib in Resources */,
				A83F99A8187ECB5B001E3F5B /* KBAFinanceController.xib in Resources */,
				C1F00E741844E08C009EFE4F /* KBAAuthController.xib in Resources */,
				342322FC1837B9FD00618D7E /* Images.xcassets in Resources */,
				0AF730F51887D4C600733AB2 /* KBAPrivateController.xib in Resources */,
				C17AFBD0187C1017009C0CE9 /* KBAAppointmentContr.xib in Resources */,
				0A0A66CD1888071A00A74AA4 /* KBAMessageController.xib in Resources */,
				C16A7B7B184DC9D3005DC504 /* KBAFinderController.xib in Resources */,
				342322EB1837B9FD00618D7E /* InfoPlist.strings in Resources */,
				C1A6D4071847661A00AFB665 /* KBADashboardController.xib in Resources */,
				A8A5A26C188E618B0055B18C /* KBAInfoController.xib in Resources */,
				D93C6A241859D8E90004E51A /* KBASelfServContr.xib in Resources */,
				2139AC6118610DD3008FB712 /* KBAChooseAccountTableContr.xib in Resources */,
				34199A8A18417A6F00F574D5 /* Documentation in Resources */,
				0AABAA31187E892B00E067EE /* KBAAuthAdvantagesController.xib in Resources */,
				342322F41837B9FD00618D7E /* Main.storyboard in Resources */,
				0AAEEE33187C173500C1F767 /* SVProgressHUD.bundle in Resources */,
				C170420D184DFE900019F929 /* KBABranchController.xib in Resources */,
				0ACCD54318857D8200EB05BE /* KBAAbout.xib in Resources */,
				D93C6A211859D8E90004E51A /* KBADocContr.xib in Resources */,
				D93C6A2A1859D8E90004E51A /* KBATransContr.xib in Resources */,
				D93C6A261859D8E90004E51A /* KBAStatemContr.xib in Resources */,
				C17AFBCA187BF9E2009C0CE9 /* KBACurrencyContr.xib in Resources */,
				0AA94D8F188543D1001D1465 /* KBAAuthFailPopupController.xib in Resources */,
			);
			runOnlyForDeploymentPostprocessing = 0;
		};
		342322FF1837B9FD00618D7E /* Resources */ = {
			isa = PBXResourcesBuildPhase;
			buildActionMask = 2147483647;
			files = (
				3423230D1837B9FD00618D7E /* InfoPlist.strings in Resources */,
			);
			runOnlyForDeploymentPostprocessing = 0;
		};
/* End PBXResourcesBuildPhase section */

/* Begin PBXSourcesBuildPhase section */
		342322D91837B9FD00618D7E /* Sources */ = {
			isa = PBXSourcesBuildPhase;
			buildActionMask = 2147483647;
			files = (
				342322ED1837B9FD00618D7E /* main.m in Sources */,
				0AF730FC1887E07900733AB2 /* KBAMessageDaoDummy.m in Sources */,
				0A579660187EC43D005EFC73 /* KBAUISegmentedControl.m in Sources */,
				C1F00E731844E08C009EFE4F /* KBAAuthController.m in Sources */,
				C10C5FBF183B877B008FAECB /* KBABranchDaoRest.m in Sources */,
				0A433FF61885575A00F1DF5E /* KBAAuthSuccessPopController.m in Sources */,
				C17AFBCF187C1017009C0CE9 /* KBAAppointmentContr.m in Sources */,
				C1704208184DF3A00019F929 /* KBAFinderService.m in Sources */,
				A8F81C8C1844B51D00E55C75 /* Customer.m in Sources */,
				0A0A66CC1888071A00A74AA4 /* KBAMessageController.m in Sources */,
				A8AE9A64187BE73E00ACC653 /* KBAFinanceController.m in Sources */,
				D93C6A351859D94A0004E51A /* BranchService.m in Sources */,
				D93C6A291859D8E90004E51A /* KBATransContr.m in Sources */,
				C17AFBC9187BF9E2009C0CE9 /* KBACurrencyContr.m in Sources */,
				D93C6A4A1859DA800004E51A /* KBACustomerDaoRest.m in Sources */,
				A8D883161860463B006DD296 /* KBAStatemTableContr.m in Sources */,
				D93C6A4D1859E5170004E51A /* User.m in Sources */,
				D93C6A501859E5F50004E51A /* Consultant.m in Sources */,
				C10C5FC2183B8A5A008FAECB /* KBADependencyInjector.m in Sources */,
				D93C6A491859DA800004E51A /* KBACustomerDaoDummy.m in Sources */,
				D93C6A371859D94A0004E51A /* KBACustomerService.m in Sources */,
				A8F81C8B1844B51D00E55C75 /* CreditRating.m in Sources */,
				C170420C184DFE900019F929 /* KBABranchController.m in Sources */,
				A8610F1F1860934500E3093E /* KBATransactionDaoRest.m in Sources */,
				D93C6A481859DA800004E51A /* KBAAccountDaoRest.m in Sources */,
				A8610F181860830600E3093E /* KBATransactionDaoDummy.m in Sources */,
				A8F81C891844B51D00E55C75 /* Address.m in Sources */,
				21BBE56618895E350014DCF2 /* TPKeyboardAvoidingScrollView.m in Sources */,
				D93C6A2B1859D8E90004E51A /* KBATransTableContr.m in Sources */,
				D93C6A221859D8E90004E51A /* KBADocTableContr.m in Sources */,
				D93C6A231859D8E90004E51A /* KBASelfServContr.m in Sources */,
				D93C6A201859D8E90004E51A /* KBADocContr.m in Sources */,
				C1F12CC11857499F001AA21E /* Currency.m in Sources */,
				A8F81C8A1844B51D00E55C75 /* Branch.m in Sources */,
				C16A7B80184DCDAB005DC504 /* KBAStoreLocation.m in Sources */,
				C1F00E631844DAEB009EFE4F /* KBAViewController.m in Sources */,
				2139AC6318610DF1008FB712 /* KBAChooseAccountTableContr.m in Sources */,
				0AAEEE30187BED9F00C1F767 /* SVProgressHUDViewController.m in Sources */,
				A8B693501885501300AD8DA3 /* KBAUISlider.m in Sources */,
				C13B62F4183B7D0200207422 /* KBABranchDaoDummy.m in Sources */,
				A8A909E01887E06B00435343 /* KBACreditRatingDaoDummy.m in Sources */,
				0AF730F81887D9C100733AB2 /* Message.m in Sources */,
				C152D40B188E72F20011BDEB /* KBAMessageService.m in Sources */,
				C10C5FC5183B8DF7008FAECB /* KBABootstrap.m in Sources */,
				0ACCD54218857D8200EB05BE /* KBAAbout.m in Sources */,
				A8A5A26B188E618B0055B18C /* KBAInfoController.m in Sources */,
				D929E547185093B1008FC26E /* OpenHour.m in Sources */,
				21BB5D1D187D5FC400460EE9 /* JVFloatLabeledTextField.m in Sources */,
				2139AC5F18610DB0008FB712 /* KBAFlatDatePicker.m in Sources */,
				0AABAA30187E892B00E067EE /* KBAAuthAdvantagesController.m in Sources */,
				21BBE56718895E350014DCF2 /* UIScrollView+TPKeyboardAvoidingAdditions.m in Sources */,
				0AF730F41887D4C600733AB2 /* KBAPrivateController.m in Sources */,
				0AAEEE2F187BED9F00C1F767 /* SVProgressHUD.m in Sources */,
				D93C6A471859DA800004E51A /* KBAAccountDaoDummy.m in Sources */,
				21F8EE89187DFA1D00025C42 /* KBAButton.m in Sources */,
				D93C6A251859D8E90004E51A /* KBAStatemContr.m in Sources */,
				342322F11837B9FD00618D7E /* KBAAppDelegate.m in Sources */,
				C16A7B7A184DC9D3005DC504 /* KBAFinderController.m in Sources */,
				D93C6A361859D94A0004E51A /* KBAAuth.m in Sources */,
				A8A909E31887E29500435343 /* KBACreditRatingDaoRest.m in Sources */,
				213BC4741889E5F300E12598 /* KBAAlertView.m in Sources */,
				C1F12CBA185742EB001AA21E /* KBAExchangeRateDaoRest.m in Sources */,
				3407E8E91838FD110045C014 /* KBAMasterViewController.m in Sources */,
				A8F81C881844B51D00E55C75 /* Account.m in Sources */,
				A8F81C8D1844B51D00E55C75 /* Transaction.m in Sources */,
				C1F00E781844E0FA009EFE4F /* KBAAccountController.m in Sources */,
				0AA94D8E188543D1001D1465 /* KBAAuthFailPopupController.m in Sources */,
				0AF730FF1887E10C00733AB2 /* KBAMessageDaoRest.m in Sources */,
				0A893764183BA118003495A4 /* KBADashboardController.m in Sources */,
				D93C6A341859D94A0004E51A /* AccountService.m in Sources */,
			);
			runOnlyForDeploymentPostprocessing = 0;
		};
		342322FD1837B9FD00618D7E /* Sources */ = {
			isa = PBXSourcesBuildPhase;
			buildActionMask = 2147483647;
			files = (
				3423230F1837B9FD00618D7E /* KibaTests.m in Sources */,
			);
			runOnlyForDeploymentPostprocessing = 0;
		};
/* End PBXSourcesBuildPhase section */

/* Begin PBXTargetDependency section */
		342323071837B9FD00618D7E /* PBXTargetDependency */ = {
			isa = PBXTargetDependency;
			target = 342322DC1837B9FD00618D7E /* Kiba */;
			targetProxy = 342323061837B9FD00618D7E /* PBXContainerItemProxy */;
		};
/* End PBXTargetDependency section */

/* Begin PBXVariantGroup section */
		342322E91837B9FD00618D7E /* InfoPlist.strings */ = {
			isa = PBXVariantGroup;
			children = (
				342322EA1837B9FD00618D7E /* en */,
			);
			name = InfoPlist.strings;
			sourceTree = "<group>";
		};
		342322F21837B9FD00618D7E /* Main.storyboard */ = {
			isa = PBXVariantGroup;
			children = (
				342322F31837B9FD00618D7E /* Base */,
			);
			name = Main.storyboard;
			sourceTree = "<group>";
		};
		3423230B1837B9FD00618D7E /* InfoPlist.strings */ = {
			isa = PBXVariantGroup;
			children = (
				3423230C1837B9FD00618D7E /* en */,
			);
			name = InfoPlist.strings;
			sourceTree = "<group>";
		};
/* End PBXVariantGroup section */

/* Begin XCBuildConfiguration section */
		342323101837B9FD00618D7E /* Debug */ = {
			isa = XCBuildConfiguration;
			buildSettings = {
				ALWAYS_SEARCH_USER_PATHS = NO;
				ARCHS = "$(ARCHS_STANDARD_INCLUDING_64_BIT)";
				CLANG_CXX_LANGUAGE_STANDARD = "gnu++0x";
				CLANG_CXX_LIBRARY = "libc++";
				CLANG_ENABLE_MODULES = YES;
				CLANG_ENABLE_OBJC_ARC = YES;
				CLANG_WARN_BOOL_CONVERSION = YES;
				CLANG_WARN_CONSTANT_CONVERSION = YES;
				CLANG_WARN_DIRECT_OBJC_ISA_USAGE = YES_ERROR;
				CLANG_WARN_EMPTY_BODY = YES;
				CLANG_WARN_ENUM_CONVERSION = YES;
				CLANG_WARN_INT_CONVERSION = YES;
				CLANG_WARN_OBJC_ROOT_CLASS = YES_ERROR;
				CLANG_WARN__DUPLICATE_METHOD_MATCH = YES;
				"CODE_SIGN_IDENTITY[sdk=iphoneos*]" = "iPhone Developer";
				COPY_PHASE_STRIP = NO;
				GCC_C_LANGUAGE_STANDARD = gnu99;
				GCC_DYNAMIC_NO_PIC = NO;
				GCC_OPTIMIZATION_LEVEL = 0;
				GCC_PREPROCESSOR_DEFINITIONS = (
					"DEBUG=1",
					"$(inherited)",
				);
				GCC_SYMBOLS_PRIVATE_EXTERN = NO;
				GCC_WARN_64_TO_32_BIT_CONVERSION = YES;
				GCC_WARN_ABOUT_RETURN_TYPE = YES_ERROR;
				GCC_WARN_UNDECLARED_SELECTOR = YES;
				GCC_WARN_UNINITIALIZED_AUTOS = YES;
				GCC_WARN_UNUSED_FUNCTION = YES;
				GCC_WARN_UNUSED_VARIABLE = YES;
				IPHONEOS_DEPLOYMENT_TARGET = 7.0;
				ONLY_ACTIVE_ARCH = YES;
				SDKROOT = iphoneos;
				TARGETED_DEVICE_FAMILY = 2;
			};
			name = Debug;
		};
		342323111837B9FD00618D7E /* Release */ = {
			isa = XCBuildConfiguration;
			buildSettings = {
				ALWAYS_SEARCH_USER_PATHS = NO;
				ARCHS = "$(ARCHS_STANDARD_INCLUDING_64_BIT)";
				CLANG_CXX_LANGUAGE_STANDARD = "gnu++0x";
				CLANG_CXX_LIBRARY = "libc++";
				CLANG_ENABLE_MODULES = YES;
				CLANG_ENABLE_OBJC_ARC = YES;
				CLANG_WARN_BOOL_CONVERSION = YES;
				CLANG_WARN_CONSTANT_CONVERSION = YES;
				CLANG_WARN_DIRECT_OBJC_ISA_USAGE = YES_ERROR;
				CLANG_WARN_EMPTY_BODY = YES;
				CLANG_WARN_ENUM_CONVERSION = YES;
				CLANG_WARN_INT_CONVERSION = YES;
				CLANG_WARN_OBJC_ROOT_CLASS = YES_ERROR;
				CLANG_WARN__DUPLICATE_METHOD_MATCH = YES;
				"CODE_SIGN_IDENTITY[sdk=iphoneos*]" = "iPhone Developer";
				COPY_PHASE_STRIP = YES;
				ENABLE_NS_ASSERTIONS = NO;
				GCC_C_LANGUAGE_STANDARD = gnu99;
				GCC_WARN_64_TO_32_BIT_CONVERSION = YES;
				GCC_WARN_ABOUT_RETURN_TYPE = YES_ERROR;
				GCC_WARN_UNDECLARED_SELECTOR = YES;
				GCC_WARN_UNINITIALIZED_AUTOS = YES;
				GCC_WARN_UNUSED_FUNCTION = YES;
				GCC_WARN_UNUSED_VARIABLE = YES;
				IPHONEOS_DEPLOYMENT_TARGET = 7.0;
				SDKROOT = iphoneos;
				TARGETED_DEVICE_FAMILY = 2;
				VALIDATE_PRODUCT = YES;
			};
			name = Release;
		};
		342323131837B9FD00618D7E /* Debug */ = {
			isa = XCBuildConfiguration;
			buildSettings = {
				ASSETCATALOG_COMPILER_APPICON_NAME = AppIcon;
				ASSETCATALOG_COMPILER_LAUNCHIMAGE_NAME = LaunchImage;
				GCC_PRECOMPILE_PREFIX_HEADER = YES;
				GCC_PREFIX_HEADER = "Kiba/Kiba-Prefix.pch";
				INFOPLIST_FILE = "Kiba/Kiba-Info.plist";
				PRODUCT_NAME = "$(TARGET_NAME)";
				WRAPPER_EXTENSION = app;
			};
			name = Debug;
		};
		342323141837B9FD00618D7E /* Release */ = {
			isa = XCBuildConfiguration;
			buildSettings = {
				ASSETCATALOG_COMPILER_APPICON_NAME = AppIcon;
				ASSETCATALOG_COMPILER_LAUNCHIMAGE_NAME = LaunchImage;
				GCC_PRECOMPILE_PREFIX_HEADER = YES;
				GCC_PREFIX_HEADER = "Kiba/Kiba-Prefix.pch";
				INFOPLIST_FILE = "Kiba/Kiba-Info.plist";
				PRODUCT_NAME = "$(TARGET_NAME)";
				WRAPPER_EXTENSION = app;
			};
			name = Release;
		};
		342323161837B9FD00618D7E /* Debug */ = {
			isa = XCBuildConfiguration;
			buildSettings = {
				ARCHS = "$(ARCHS_STANDARD_INCLUDING_64_BIT)";
				BUNDLE_LOADER = "$(BUILT_PRODUCTS_DIR)/Kiba.app/Kiba";
				FRAMEWORK_SEARCH_PATHS = (
					"$(SDKROOT)/Developer/Library/Frameworks",
					"$(inherited)",
					"$(DEVELOPER_FRAMEWORKS_DIR)",
				);
				GCC_PRECOMPILE_PREFIX_HEADER = YES;
				GCC_PREFIX_HEADER = "Kiba/Kiba-Prefix.pch";
				GCC_PREPROCESSOR_DEFINITIONS = (
					"DEBUG=1",
					"$(inherited)",
				);
				INFOPLIST_FILE = "KibaTests/KibaTests-Info.plist";
				PRODUCT_NAME = "$(TARGET_NAME)";
				TEST_HOST = "$(BUNDLE_LOADER)";
				WRAPPER_EXTENSION = xctest;
			};
			name = Debug;
		};
		342323171837B9FD00618D7E /* Release */ = {
			isa = XCBuildConfiguration;
			buildSettings = {
				ARCHS = "$(ARCHS_STANDARD_INCLUDING_64_BIT)";
				BUNDLE_LOADER = "$(BUILT_PRODUCTS_DIR)/Kiba.app/Kiba";
				FRAMEWORK_SEARCH_PATHS = (
					"$(SDKROOT)/Developer/Library/Frameworks",
					"$(inherited)",
					"$(DEVELOPER_FRAMEWORKS_DIR)",
				);
				GCC_PRECOMPILE_PREFIX_HEADER = YES;
				GCC_PREFIX_HEADER = "Kiba/Kiba-Prefix.pch";
				INFOPLIST_FILE = "KibaTests/KibaTests-Info.plist";
				PRODUCT_NAME = "$(TARGET_NAME)";
				TEST_HOST = "$(BUNDLE_LOADER)";
				WRAPPER_EXTENSION = xctest;
			};
			name = Release;
		};
/* End XCBuildConfiguration section */

/* Begin XCConfigurationList section */
		342322D81837B9FD00618D7E /* Build configuration list for PBXProject "Kiba" */ = {
			isa = XCConfigurationList;
			buildConfigurations = (
				342323101837B9FD00618D7E /* Debug */,
				342323111837B9FD00618D7E /* Release */,
			);
			defaultConfigurationIsVisible = 0;
			defaultConfigurationName = Release;
		};
		342323121837B9FD00618D7E /* Build configuration list for PBXNativeTarget "Kiba" */ = {
			isa = XCConfigurationList;
			buildConfigurations = (
				342323131837B9FD00618D7E /* Debug */,
				342323141837B9FD00618D7E /* Release */,
			);
			defaultConfigurationIsVisible = 0;
			defaultConfigurationName = Release;
		};
		342323151837B9FD00618D7E /* Build configuration list for PBXNativeTarget "KibaTests" */ = {
			isa = XCConfigurationList;
			buildConfigurations = (
				342323161837B9FD00618D7E /* Debug */,
				342323171837B9FD00618D7E /* Release */,
			);
			defaultConfigurationIsVisible = 0;
			defaultConfigurationName = Release;
		};
/* End XCConfigurationList section */
	};
	rootObject = 342322D51837B9FD00618D7E /* Project object */;
}
